// !$*UTF8*$!
{
	archiveVersion = 1;
	classes = {
	};
	objectVersion = 55;
	objects = {

/* Begin PBXBuildFile section */
		D40CDF072B4128670059527E /* ColorAssets.xcassets in Resources */ = {isa = PBXBuildFile; fileRef = D40CDF062B4128670059527E /* ColorAssets.xcassets */; };
		D4168DA92E594E4D007F7904 /* DrawingToolStorage.xcdatamodeld in Sources */ = {isa = PBXBuildFile; fileRef = D4168DA72E594E4D007F7904 /* DrawingToolStorage.xcdatamodeld */; };
		D4168DAB2E594E84007F7904 /* BrushPalette.swift in Sources */ = {isa = PBXBuildFile; fileRef = D4168DAA2E594E84007F7904 /* BrushPalette.swift */; };
		D4168DAD2E594E9A007F7904 /* EraserPalette.swift in Sources */ = {isa = PBXBuildFile; fileRef = D4168DAC2E594E9A007F7904 /* EraserPalette.swift */; };
		D4168DB02E594EE0007F7904 /* UIColorExtensions.swift in Sources */ = {isa = PBXBuildFile; fileRef = D4168DAF2E594EE0007F7904 /* UIColorExtensions.swift */; };
		D4168F1C2E59EFE7007F7904 /* BrushPaletteView.swift in Sources */ = {isa = PBXBuildFile; fileRef = D4168F1B2E59EFE7007F7904 /* BrushPaletteView.swift */; };
		D4168F1E2E59F0E1007F7904 /* ColorCircle.swift in Sources */ = {isa = PBXBuildFile; fileRef = D4168F1D2E59F0E1007F7904 /* ColorCircle.swift */; };
		D4168F202E59F101007F7904 /* DoubleStrokeCircle.swift in Sources */ = {isa = PBXBuildFile; fileRef = D4168F1F2E59F101007F7904 /* DoubleStrokeCircle.swift */; };
		D4168F222E59F14A007F7904 /* UIImageExtensions.swift in Sources */ = {isa = PBXBuildFile; fileRef = D4168F212E59F14A007F7904 /* UIImageExtensions.swift */; };
		D4168F242E59F7B4007F7904 /* EraserPaletteView.swift in Sources */ = {isa = PBXBuildFile; fileRef = D4168F232E59F7B4007F7904 /* EraserPaletteView.swift */; };
		D41C72192E6C47E200D524DE /* CoreDataBrushPaletteStorage.swift in Sources */ = {isa = PBXBuildFile; fileRef = D41C72182E6C47E200D524DE /* CoreDataBrushPaletteStorage.swift */; };
		D41C721B2E6C73C300D524DE /* CoreDataEraserPaletteStorage.swift in Sources */ = {isa = PBXBuildFile; fileRef = D41C721A2E6C73C300D524DE /* CoreDataEraserPaletteStorage.swift */; };
		D41CACE52B9C023900B8C7C5 /* UIViewExtensions.swift in Sources */ = {isa = PBXBuildFile; fileRef = D41CACE42B9C023900B8C7C5 /* UIViewExtensions.swift */; };
		D426FC5C2E5C003400CC116D /* BrushPaletteArchiveModel.swift in Sources */ = {isa = PBXBuildFile; fileRef = D426FC5B2E5C003400CC116D /* BrushPaletteArchiveModel.swift */; };
		D426FC5E2E5C08AA00CC116D /* EraserPaletteArchiveModel.swift in Sources */ = {isa = PBXBuildFile; fileRef = D426FC5D2E5C08AA00CC116D /* EraserPaletteArchiveModel.swift */; };
		D426FC602E5C0A8B00CC116D /* DrawingToolArchiveModel.swift in Sources */ = {isa = PBXBuildFile; fileRef = D426FC5F2E5C0A8B00CC116D /* DrawingToolArchiveModel.swift */; };
		D426FC972E5C4B7100CC116D /* BrushPaletteTests.swift in Sources */ = {isa = PBXBuildFile; fileRef = D426FC962E5C4B7100CC116D /* BrushPaletteTests.swift */; };
		D426FC992E5C852E00CC116D /* EraserPaletteTests.swift in Sources */ = {isa = PBXBuildFile; fileRef = D426FC982E5C852E00CC116D /* EraserPaletteTests.swift */; };
		D426FC9B2E5C895A00CC116D /* DrawingToolTests.swift in Sources */ = {isa = PBXBuildFile; fileRef = D426FC9A2E5C895A00CC116D /* DrawingToolTests.swift */; };
		D42C64932E5AFDDF0028F8DD /* DrawingTool.swift in Sources */ = {isa = PBXBuildFile; fileRef = D42C64922E5AFDDF0028F8DD /* DrawingTool.swift */; };
		D43726BD2E76D0D4006E6FCD /* CoreDataDrawingToolStorage.swift in Sources */ = {isa = PBXBuildFile; fileRef = D43726BC2E76D0D4006E6FCD /* CoreDataDrawingToolStorage.swift */; };
		D44B52B52DB3928000EE213C /* HandDrawingContentView.xib in Resources */ = {isa = PBXBuildFile; fileRef = D44B52AD2DB3928000EE213C /* HandDrawingContentView.xib */; };
		D44B52B62DB3928000EE213C /* HandDrawingViewController.xib in Resources */ = {isa = PBXBuildFile; fileRef = D44B52B12DB3928000EE213C /* HandDrawingViewController.xib */; };
		D44B52BB2DB3928000EE213C /* HandDrawingContentView.swift in Sources */ = {isa = PBXBuildFile; fileRef = D44B52AC2DB3928000EE213C /* HandDrawingContentView.swift */; };
		D44B52CB2DB3928000EE213C /* HandDrawingViewController.swift in Sources */ = {isa = PBXBuildFile; fileRef = D44B52B02DB3928000EE213C /* HandDrawingViewController.swift */; };
		D4513AAE2AF63A2A00CA4438 /* FileView.swift in Sources */ = {isa = PBXBuildFile; fileRef = D4513AAD2AF63A2A00CA4438 /* FileView.swift */; };
		D45478CB2DBC6D8E009CBCF5 /* PopupWithArrowConfiguration.swift in Sources */ = {isa = PBXBuildFile; fileRef = D45478CA2DBC6D8E009CBCF5 /* PopupWithArrowConfiguration.swift */; };
		D46A2CE52E424E8900D638AE /* TextureLayerView in Frameworks */ = {isa = PBXBuildFile; productRef = D46A2CE42E424E8900D638AE /* TextureLayerView */; };
		D46B8F702BDBDFBC00EF3AC2 /* PopupWithArrow.swift in Sources */ = {isa = PBXBuildFile; fileRef = D46B8F6F2BDBDFBC00EF3AC2 /* PopupWithArrow.swift */; };
		D47FD5C32E2D1CE100F3F514 /* ZIPFoundation in Frameworks */ = {isa = PBXBuildFile; productRef = D47FD5C22E2D1CE100F3F514 /* ZIPFoundation */; };
		D48A7DD129DAB81800D235B1 /* Toast.swift in Sources */ = {isa = PBXBuildFile; fileRef = D48A7DD029DAB81800D235B1 /* Toast.swift */; };
		D49833F92E4A028200B6E89D /* UIStackViewExtensions.swift in Sources */ = {isa = PBXBuildFile; fileRef = D49833F82E4A028200B6E89D /* UIStackViewExtensions.swift */; };
		D49C69112F224F1200B66608 /* HandDrawingCanvasView.swift in Sources */ = {isa = PBXBuildFile; fileRef = D49C69102F224F1200B66608 /* HandDrawingCanvasView.swift */; };
		D49C691F2F23A3F400B66608 /* ProjectStorage.xcdatamodeld in Sources */ = {isa = PBXBuildFile; fileRef = D49C691D2F23A3F400B66608 /* ProjectStorage.xcdatamodeld */; };
		D49C69212F23A5A400B66608 /* PersistenceController.swift in Sources */ = {isa = PBXBuildFile; fileRef = D49C69202F23A5A400B66608 /* PersistenceController.swift */; };
		D49C69232F23A64200B66608 /* CoreDataProjectStorage.swift in Sources */ = {isa = PBXBuildFile; fileRef = D49C69222F23A64200B66608 /* CoreDataProjectStorage.swift */; };
		D49C69252F23A69100B66608 /* ProjectData.swift in Sources */ = {isa = PBXBuildFile; fileRef = D49C69242F23A69100B66608 /* ProjectData.swift */; };
		D49C69282F23A6D900B66608 /* CalendarExtensions.swift in Sources */ = {isa = PBXBuildFile; fileRef = D49C69272F23A6D900B66608 /* CalendarExtensions.swift */; };
		D49C692C2F23A76400B66608 /* Logger.swift in Sources */ = {isa = PBXBuildFile; fileRef = D49C692B2F23A76400B66608 /* Logger.swift */; };
		D49C692E2F23A79D00B66608 /* AnyCoreDataStorage.swift in Sources */ = {isa = PBXBuildFile; fileRef = D49C692D2F23A79D00B66608 /* AnyCoreDataStorage.swift */; };
		D49C69322F23BA1600B66608 /* CoreDataStorage.swift in Sources */ = {isa = PBXBuildFile; fileRef = D49C69312F23BA1600B66608 /* CoreDataStorage.swift */; };
		D49C69362F23CD7700B66608 /* FileManager.swift in Sources */ = {isa = PBXBuildFile; fileRef = D49C69352F23CD7700B66608 /* FileManager.swift */; };
		D49C693A2F246BA900B66608 /* LocalFileItem.swift in Sources */ = {isa = PBXBuildFile; fileRef = D49C69392F246BA800B66608 /* LocalFileItem.swift */; };
		D49C693C2F249C6B00B66608 /* ProjectArchiveModel.swift in Sources */ = {isa = PBXBuildFile; fileRef = D49C693B2F249C6B00B66608 /* ProjectArchiveModel.swift */; };
		D49C693E2F249C9600B66608 /* LocalFileConvertible.swift in Sources */ = {isa = PBXBuildFile; fileRef = D49C693D2F249C9600B66608 /* LocalFileConvertible.swift */; };
		D4ACE9A42BA8587B0077C888 /* DialogPresenter.swift in Sources */ = {isa = PBXBuildFile; fileRef = D4ACE9A32BA8587A0077C888 /* DialogPresenter.swift */; };
		D4ACE9A62BA85C240077C888 /* NewCanvasDialogPresenter.swift in Sources */ = {isa = PBXBuildFile; fileRef = D4ACE9A52BA85C240077C888 /* NewCanvasDialogPresenter.swift */; };
		D4BF61122E4892A600CE94F4 /* HandDrawingViewModel.swift in Sources */ = {isa = PBXBuildFile; fileRef = D4BF61112E4892A600CE94F4 /* HandDrawingViewModel.swift */; };
		D4CBCE452BAA936E0053F198 /* TextureLayerViewPresenter.swift in Sources */ = {isa = PBXBuildFile; fileRef = D4CBCE442BAA936E0053F198 /* TextureLayerViewPresenter.swift */; };
		D4CF05002B9D4CAF00849A2C /* UIButtonExtensions.swift in Sources */ = {isa = PBXBuildFile; fileRef = D4CF04FF2B9D4CAF00849A2C /* UIButtonExtensions.swift */; };
		D4D02E412E5AA47B0064ECC3 /* DrawingToolType.swift in Sources */ = {isa = PBXBuildFile; fileRef = D4D02E402E5AA47B0064ECC3 /* DrawingToolType.swift */; };
		D4DF37742E914492009B8F2A /* Throttle.swift in Sources */ = {isa = PBXBuildFile; fileRef = D4DF37732E914492009B8F2A /* Throttle.swift */; };
		D4E1ECDD2752388C00D4A23D /* AppDelegate.swift in Sources */ = {isa = PBXBuildFile; fileRef = D4E1ECDC2752388C00D4A23D /* AppDelegate.swift */; };
		D4E1ECDF2752388C00D4A23D /* SceneDelegate.swift in Sources */ = {isa = PBXBuildFile; fileRef = D4E1ECDE2752388C00D4A23D /* SceneDelegate.swift */; };
		D4E1ECE62752388E00D4A23D /* Assets.xcassets in Resources */ = {isa = PBXBuildFile; fileRef = D4E1ECE52752388E00D4A23D /* Assets.xcassets */; };
		D4E1ECE92752388E00D4A23D /* LaunchScreen.storyboard in Resources */ = {isa = PBXBuildFile; fileRef = D4E1ECE72752388E00D4A23D /* LaunchScreen.storyboard */; };
		D4E1ECF42752388E00D4A23D /* HandDrawingSwiftMetalTests.swift in Sources */ = {isa = PBXBuildFile; fileRef = D4E1ECF32752388E00D4A23D /* HandDrawingSwiftMetalTests.swift */; };
		D4E1ECFE2752388E00D4A23D /* HandDrawingSwiftMetalUITests.swift in Sources */ = {isa = PBXBuildFile; fileRef = D4E1ECFD2752388E00D4A23D /* HandDrawingSwiftMetalUITests.swift */; };
		D4E1ED002752388E00D4A23D /* HandDrawingSwiftMetalUITestsLaunchTests.swift in Sources */ = {isa = PBXBuildFile; fileRef = D4E1ECFF2752388E00D4A23D /* HandDrawingSwiftMetalUITestsLaunchTests.swift */; };
		D4F0BF062E38F79600C3E441 /* CanvasView in Frameworks */ = {isa = PBXBuildFile; productRef = D4F0BF052E38F79600C3E441 /* CanvasView */; };
		D4F5256D2EAC611F00439FFF /* LocalFileRepository.swift in Sources */ = {isa = PBXBuildFile; fileRef = D4F5256C2EAC611F00439FFF /* LocalFileRepository.swift */; };
		D4F5256F2EAC614B00439FFF /* FileInput.swift in Sources */ = {isa = PBXBuildFile; fileRef = D4F5256E2EAC614B00439FFF /* FileInput.swift */; };
		D4F525712EAC616600439FFF /* FileOutput.swift in Sources */ = {isa = PBXBuildFile; fileRef = D4F525702EAC616600439FFF /* FileOutput.swift */; };
		D4F525732EAC96BE00439FFF /* ToastMessage.swift in Sources */ = {isa = PBXBuildFile; fileRef = D4F525722EAC96BE00439FFF /* ToastMessage.swift */; };
/* End PBXBuildFile section */

/* Begin PBXContainerItemProxy section */
		D4E1ECF02752388E00D4A23D /* PBXContainerItemProxy */ = {
			isa = PBXContainerItemProxy;
			containerPortal = D4E1ECD12752388C00D4A23D /* Project object */;
			proxyType = 1;
			remoteGlobalIDString = D4E1ECD82752388C00D4A23D;
			remoteInfo = HandDrawingSwiftMetal;
		};
		D4E1ECFA2752388E00D4A23D /* PBXContainerItemProxy */ = {
			isa = PBXContainerItemProxy;
			containerPortal = D4E1ECD12752388C00D4A23D /* Project object */;
			proxyType = 1;
			remoteGlobalIDString = D4E1ECD82752388C00D4A23D;
			remoteInfo = HandDrawingSwiftMetal;
		};
/* End PBXContainerItemProxy section */

/* Begin PBXFileReference section */
		D40CDF062B4128670059527E /* ColorAssets.xcassets */ = {isa = PBXFileReference; lastKnownFileType = folder.assetcatalog; path = ColorAssets.xcassets; sourceTree = "<group>"; };
		D4168DA82E594E4D007F7904 /* DrawingToolStorage.xcdatamodel */ = {isa = PBXFileReference; lastKnownFileType = wrapper.xcdatamodel; path = DrawingToolStorage.xcdatamodel; sourceTree = "<group>"; };
		D4168DAA2E594E84007F7904 /* BrushPalette.swift */ = {isa = PBXFileReference; lastKnownFileType = sourcecode.swift; path = BrushPalette.swift; sourceTree = "<group>"; };
		D4168DAC2E594E9A007F7904 /* EraserPalette.swift */ = {isa = PBXFileReference; lastKnownFileType = sourcecode.swift; path = EraserPalette.swift; sourceTree = "<group>"; };
		D4168DAF2E594EE0007F7904 /* UIColorExtensions.swift */ = {isa = PBXFileReference; lastKnownFileType = sourcecode.swift; path = UIColorExtensions.swift; sourceTree = "<group>"; };
		D4168F1B2E59EFE7007F7904 /* BrushPaletteView.swift */ = {isa = PBXFileReference; lastKnownFileType = sourcecode.swift; path = BrushPaletteView.swift; sourceTree = "<group>"; };
		D4168F1D2E59F0E1007F7904 /* ColorCircle.swift */ = {isa = PBXFileReference; lastKnownFileType = sourcecode.swift; path = ColorCircle.swift; sourceTree = "<group>"; };
		D4168F1F2E59F101007F7904 /* DoubleStrokeCircle.swift */ = {isa = PBXFileReference; lastKnownFileType = sourcecode.swift; path = DoubleStrokeCircle.swift; sourceTree = "<group>"; };
		D4168F212E59F14A007F7904 /* UIImageExtensions.swift */ = {isa = PBXFileReference; lastKnownFileType = sourcecode.swift; path = UIImageExtensions.swift; sourceTree = "<group>"; };
		D4168F232E59F7B4007F7904 /* EraserPaletteView.swift */ = {isa = PBXFileReference; lastKnownFileType = sourcecode.swift; path = EraserPaletteView.swift; sourceTree = "<group>"; };
		D41C72182E6C47E200D524DE /* CoreDataBrushPaletteStorage.swift */ = {isa = PBXFileReference; lastKnownFileType = sourcecode.swift; path = CoreDataBrushPaletteStorage.swift; sourceTree = "<group>"; };
		D41C721A2E6C73C300D524DE /* CoreDataEraserPaletteStorage.swift */ = {isa = PBXFileReference; lastKnownFileType = sourcecode.swift; path = CoreDataEraserPaletteStorage.swift; sourceTree = "<group>"; };
		D41CACE42B9C023900B8C7C5 /* UIViewExtensions.swift */ = {isa = PBXFileReference; fileEncoding = 4; lastKnownFileType = sourcecode.swift; path = UIViewExtensions.swift; sourceTree = "<group>"; };
		D426FC5B2E5C003400CC116D /* BrushPaletteArchiveModel.swift */ = {isa = PBXFileReference; lastKnownFileType = sourcecode.swift; path = BrushPaletteArchiveModel.swift; sourceTree = "<group>"; };
		D426FC5D2E5C08AA00CC116D /* EraserPaletteArchiveModel.swift */ = {isa = PBXFileReference; lastKnownFileType = sourcecode.swift; path = EraserPaletteArchiveModel.swift; sourceTree = "<group>"; };
		D426FC5F2E5C0A8B00CC116D /* DrawingToolArchiveModel.swift */ = {isa = PBXFileReference; lastKnownFileType = sourcecode.swift; path = DrawingToolArchiveModel.swift; sourceTree = "<group>"; };
		D426FC962E5C4B7100CC116D /* BrushPaletteTests.swift */ = {isa = PBXFileReference; lastKnownFileType = sourcecode.swift; path = BrushPaletteTests.swift; sourceTree = "<group>"; };
		D426FC982E5C852E00CC116D /* EraserPaletteTests.swift */ = {isa = PBXFileReference; lastKnownFileType = sourcecode.swift; path = EraserPaletteTests.swift; sourceTree = "<group>"; };
		D426FC9A2E5C895A00CC116D /* DrawingToolTests.swift */ = {isa = PBXFileReference; lastKnownFileType = sourcecode.swift; path = DrawingToolTests.swift; sourceTree = "<group>"; };
		D42C64922E5AFDDF0028F8DD /* DrawingTool.swift */ = {isa = PBXFileReference; lastKnownFileType = sourcecode.swift; path = DrawingTool.swift; sourceTree = "<group>"; };
		D43726BC2E76D0D4006E6FCD /* CoreDataDrawingToolStorage.swift */ = {isa = PBXFileReference; lastKnownFileType = sourcecode.swift; path = CoreDataDrawingToolStorage.swift; sourceTree = "<group>"; };
		D44B52AC2DB3928000EE213C /* HandDrawingContentView.swift */ = {isa = PBXFileReference; lastKnownFileType = sourcecode.swift; path = HandDrawingContentView.swift; sourceTree = "<group>"; };
		D44B52AD2DB3928000EE213C /* HandDrawingContentView.xib */ = {isa = PBXFileReference; lastKnownFileType = file.xib; path = HandDrawingContentView.xib; sourceTree = "<group>"; };
		D44B52B02DB3928000EE213C /* HandDrawingViewController.swift */ = {isa = PBXFileReference; lastKnownFileType = sourcecode.swift; path = HandDrawingViewController.swift; sourceTree = "<group>"; };
		D44B52B12DB3928000EE213C /* HandDrawingViewController.xib */ = {isa = PBXFileReference; lastKnownFileType = file.xib; path = HandDrawingViewController.xib; sourceTree = "<group>"; };
		D4513AAD2AF63A2A00CA4438 /* FileView.swift */ = {isa = PBXFileReference; lastKnownFileType = sourcecode.swift; path = FileView.swift; sourceTree = "<group>"; };
		D45478CA2DBC6D8E009CBCF5 /* PopupWithArrowConfiguration.swift */ = {isa = PBXFileReference; lastKnownFileType = sourcecode.swift; path = PopupWithArrowConfiguration.swift; sourceTree = "<group>"; };
		D46A2CE32E424E7000D638AE /* TextureLayerView */ = {isa = PBXFileReference; lastKnownFileType = wrapper; path = TextureLayerView; sourceTree = "<group>"; };
		D46B8F6F2BDBDFBC00EF3AC2 /* PopupWithArrow.swift */ = {isa = PBXFileReference; lastKnownFileType = sourcecode.swift; path = PopupWithArrow.swift; sourceTree = "<group>"; };
		D48A7DD029DAB81800D235B1 /* Toast.swift */ = {isa = PBXFileReference; fileEncoding = 4; lastKnownFileType = sourcecode.swift; path = Toast.swift; sourceTree = "<group>"; };
		D49833F82E4A028200B6E89D /* UIStackViewExtensions.swift */ = {isa = PBXFileReference; lastKnownFileType = sourcecode.swift; path = UIStackViewExtensions.swift; sourceTree = "<group>"; };
		D49C69102F224F1200B66608 /* HandDrawingCanvasView.swift */ = {isa = PBXFileReference; lastKnownFileType = sourcecode.swift; path = HandDrawingCanvasView.swift; sourceTree = "<group>"; };
		D49C691E2F23A3F400B66608 /* ProjectStorage.xcdatamodel */ = {isa = PBXFileReference; lastKnownFileType = wrapper.xcdatamodel; path = ProjectStorage.xcdatamodel; sourceTree = "<group>"; };
		D49C69202F23A5A400B66608 /* PersistenceController.swift */ = {isa = PBXFileReference; lastKnownFileType = sourcecode.swift; path = PersistenceController.swift; sourceTree = "<group>"; };
		D49C69222F23A64200B66608 /* CoreDataProjectStorage.swift */ = {isa = PBXFileReference; lastKnownFileType = sourcecode.swift; path = CoreDataProjectStorage.swift; sourceTree = "<group>"; };
		D49C69242F23A69100B66608 /* ProjectData.swift */ = {isa = PBXFileReference; lastKnownFileType = sourcecode.swift; path = ProjectData.swift; sourceTree = "<group>"; };
		D49C69272F23A6D900B66608 /* CalendarExtensions.swift */ = {isa = PBXFileReference; lastKnownFileType = sourcecode.swift; path = CalendarExtensions.swift; sourceTree = "<group>"; };
		D49C692B2F23A76400B66608 /* Logger.swift */ = {isa = PBXFileReference; lastKnownFileType = sourcecode.swift; path = Logger.swift; sourceTree = "<group>"; };
		D49C692D2F23A79D00B66608 /* AnyCoreDataStorage.swift */ = {isa = PBXFileReference; lastKnownFileType = sourcecode.swift; path = AnyCoreDataStorage.swift; sourceTree = "<group>"; };
		D49C69312F23BA1600B66608 /* CoreDataStorage.swift */ = {isa = PBXFileReference; lastKnownFileType = sourcecode.swift; path = CoreDataStorage.swift; sourceTree = "<group>"; };
		D49C69352F23CD7700B66608 /* FileManager.swift */ = {isa = PBXFileReference; lastKnownFileType = sourcecode.swift; path = FileManager.swift; sourceTree = "<group>"; };
		D49C69392F246BA800B66608 /* LocalFileItem.swift */ = {isa = PBXFileReference; lastKnownFileType = sourcecode.swift; path = LocalFileItem.swift; sourceTree = "<group>"; };
		D49C693B2F249C6B00B66608 /* ProjectArchiveModel.swift */ = {isa = PBXFileReference; lastKnownFileType = sourcecode.swift; path = ProjectArchiveModel.swift; sourceTree = "<group>"; };
		D49C693D2F249C9600B66608 /* LocalFileConvertible.swift */ = {isa = PBXFileReference; lastKnownFileType = sourcecode.swift; path = LocalFileConvertible.swift; sourceTree = "<group>"; };
		D4ACE9A32BA8587A0077C888 /* DialogPresenter.swift */ = {isa = PBXFileReference; lastKnownFileType = sourcecode.swift; path = DialogPresenter.swift; sourceTree = "<group>"; };
		D4ACE9A52BA85C240077C888 /* NewCanvasDialogPresenter.swift */ = {isa = PBXFileReference; lastKnownFileType = sourcecode.swift; path = NewCanvasDialogPresenter.swift; sourceTree = "<group>"; };
		D4BF61112E4892A600CE94F4 /* HandDrawingViewModel.swift */ = {isa = PBXFileReference; lastKnownFileType = sourcecode.swift; path = HandDrawingViewModel.swift; sourceTree = "<group>"; };
		D4CBCE442BAA936E0053F198 /* TextureLayerViewPresenter.swift */ = {isa = PBXFileReference; lastKnownFileType = sourcecode.swift; path = TextureLayerViewPresenter.swift; sourceTree = "<group>"; };
		D4CF04FF2B9D4CAF00849A2C /* UIButtonExtensions.swift */ = {isa = PBXFileReference; lastKnownFileType = sourcecode.swift; path = UIButtonExtensions.swift; sourceTree = "<group>"; };
		D4D02E402E5AA47B0064ECC3 /* DrawingToolType.swift */ = {isa = PBXFileReference; lastKnownFileType = sourcecode.swift; path = DrawingToolType.swift; sourceTree = "<group>"; };
		D4DF37732E914492009B8F2A /* Throttle.swift */ = {isa = PBXFileReference; lastKnownFileType = sourcecode.swift; path = Throttle.swift; sourceTree = "<group>"; };
		D4E1ECD92752388C00D4A23D /* HandDrawingSwiftMetal.app */ = {isa = PBXFileReference; explicitFileType = wrapper.application; includeInIndex = 0; path = HandDrawingSwiftMetal.app; sourceTree = BUILT_PRODUCTS_DIR; };
		D4E1ECDC2752388C00D4A23D /* AppDelegate.swift */ = {isa = PBXFileReference; lastKnownFileType = sourcecode.swift; path = AppDelegate.swift; sourceTree = "<group>"; };
		D4E1ECDE2752388C00D4A23D /* SceneDelegate.swift */ = {isa = PBXFileReference; lastKnownFileType = sourcecode.swift; path = SceneDelegate.swift; sourceTree = "<group>"; };
		D4E1ECE52752388E00D4A23D /* Assets.xcassets */ = {isa = PBXFileReference; lastKnownFileType = folder.assetcatalog; path = Assets.xcassets; sourceTree = "<group>"; };
		D4E1ECE82752388E00D4A23D /* Base */ = {isa = PBXFileReference; lastKnownFileType = file.storyboard; name = Base; path = Base.lproj/LaunchScreen.storyboard; sourceTree = "<group>"; };
		D4E1ECEA2752388E00D4A23D /* Info.plist */ = {isa = PBXFileReference; lastKnownFileType = text.plist.xml; path = Info.plist; sourceTree = "<group>"; };
		D4E1ECEF2752388E00D4A23D /* HandDrawingSwiftMetalTests.xctest */ = {isa = PBXFileReference; explicitFileType = wrapper.cfbundle; includeInIndex = 0; path = HandDrawingSwiftMetalTests.xctest; sourceTree = BUILT_PRODUCTS_DIR; };
		D4E1ECF32752388E00D4A23D /* HandDrawingSwiftMetalTests.swift */ = {isa = PBXFileReference; lastKnownFileType = sourcecode.swift; path = HandDrawingSwiftMetalTests.swift; sourceTree = "<group>"; };
		D4E1ECF92752388E00D4A23D /* HandDrawingSwiftMetalUITests.xctest */ = {isa = PBXFileReference; explicitFileType = wrapper.cfbundle; includeInIndex = 0; path = HandDrawingSwiftMetalUITests.xctest; sourceTree = BUILT_PRODUCTS_DIR; };
		D4E1ECFD2752388E00D4A23D /* HandDrawingSwiftMetalUITests.swift */ = {isa = PBXFileReference; lastKnownFileType = sourcecode.swift; path = HandDrawingSwiftMetalUITests.swift; sourceTree = "<group>"; };
		D4E1ECFF2752388E00D4A23D /* HandDrawingSwiftMetalUITestsLaunchTests.swift */ = {isa = PBXFileReference; lastKnownFileType = sourcecode.swift; path = HandDrawingSwiftMetalUITestsLaunchTests.swift; sourceTree = "<group>"; };
		D4F0BF042E38F78900C3E441 /* CanvasView */ = {isa = PBXFileReference; lastKnownFileType = wrapper; path = CanvasView; sourceTree = "<group>"; };
		D4F5256C2EAC611F00439FFF /* LocalFileRepository.swift */ = {isa = PBXFileReference; lastKnownFileType = sourcecode.swift; path = LocalFileRepository.swift; sourceTree = "<group>"; };
		D4F5256E2EAC614B00439FFF /* FileInput.swift */ = {isa = PBXFileReference; lastKnownFileType = sourcecode.swift; path = FileInput.swift; sourceTree = "<group>"; };
		D4F525702EAC616600439FFF /* FileOutput.swift */ = {isa = PBXFileReference; lastKnownFileType = sourcecode.swift; path = FileOutput.swift; sourceTree = "<group>"; };
		D4F525722EAC96BE00439FFF /* ToastMessage.swift */ = {isa = PBXFileReference; lastKnownFileType = sourcecode.swift; path = ToastMessage.swift; sourceTree = "<group>"; };
/* End PBXFileReference section */

/* Begin PBXFrameworksBuildPhase section */
		D4E1ECD62752388C00D4A23D /* Frameworks */ = {
			isa = PBXFrameworksBuildPhase;
			buildActionMask = 2147483647;
			files = (
				D47FD5C32E2D1CE100F3F514 /* ZIPFoundation in Frameworks */,
				D46A2CE52E424E8900D638AE /* TextureLayerView in Frameworks */,
				D4F0BF062E38F79600C3E441 /* CanvasView in Frameworks */,
			);
			runOnlyForDeploymentPostprocessing = 0;
		};
		D4E1ECEC2752388E00D4A23D /* Frameworks */ = {
			isa = PBXFrameworksBuildPhase;
			buildActionMask = 2147483647;
			files = (
			);
			runOnlyForDeploymentPostprocessing = 0;
		};
		D4E1ECF62752388E00D4A23D /* Frameworks */ = {
			isa = PBXFrameworksBuildPhase;
			buildActionMask = 2147483647;
			files = (
			);
			runOnlyForDeploymentPostprocessing = 0;
		};
/* End PBXFrameworksBuildPhase section */

/* Begin PBXGroup section */
		D4168DAE2E594EA9007F7904 /* Drawingtools */ = {
			isa = PBXGroup;
			children = (
				D4168F1B2E59EFE7007F7904 /* BrushPaletteView.swift */,
				D4168F1D2E59F0E1007F7904 /* ColorCircle.swift */,
				D4168F1F2E59F101007F7904 /* DoubleStrokeCircle.swift */,
				D4168F232E59F7B4007F7904 /* EraserPaletteView.swift */,
			);
			path = Drawingtools;
			sourceTree = "<group>";
		};
		D41C72172E6C479500D524DE /* CoreData */ = {
			isa = PBXGroup;
			children = (
				D49C692D2F23A79D00B66608 /* AnyCoreDataStorage.swift */,
				D41C72182E6C47E200D524DE /* CoreDataBrushPaletteStorage.swift */,
				D43726BC2E76D0D4006E6FCD /* CoreDataDrawingToolStorage.swift */,
				D41C721A2E6C73C300D524DE /* CoreDataEraserPaletteStorage.swift */,
				D49C69222F23A64200B66608 /* CoreDataProjectStorage.swift */,
				D49C69312F23BA1600B66608 /* CoreDataStorage.swift */,
				D49C69202F23A5A400B66608 /* PersistenceController.swift */,
			);
			path = CoreData;
			sourceTree = "<group>";
		};
		D426FC612E5C4B2700CC116D /* Components */ = {
			isa = PBXGroup;
			children = (
				D426FC622E5C4B3000CC116D /* Drawingtool */,
			);
			path = Components;
			sourceTree = "<group>";
		};
		D426FC622E5C4B3000CC116D /* Drawingtool */ = {
			isa = PBXGroup;
			children = (
				D426FC632E5C4B4200CC116D /* Models */,
			);
			path = Drawingtool;
			sourceTree = "<group>";
		};
		D426FC632E5C4B4200CC116D /* Models */ = {
			isa = PBXGroup;
			children = (
				D426FC962E5C4B7100CC116D /* BrushPaletteTests.swift */,
				D426FC9A2E5C895A00CC116D /* DrawingToolTests.swift */,
				D426FC982E5C852E00CC116D /* EraserPaletteTests.swift */,
			);
			path = Models;
			sourceTree = "<group>";
		};
		D426FC9C2E5DD88600CC116D /* Domains */ = {
			isa = PBXGroup;
			children = (
				D41C72172E6C479500D524DE /* CoreData */,
				D426FC9D2E5DD8CD00CC116D /* DrawingTools */,
				D426FC9E2E5DD90500CC116D /* FileIO */,
				D49C693F2F24A10100B66608 /* Project */,
			);
			path = Domains;
			sourceTree = "<group>";
		};
		D426FC9D2E5DD8CD00CC116D /* DrawingTools */ = {
			isa = PBXGroup;
			children = (
				D4168DAA2E594E84007F7904 /* BrushPalette.swift */,
				D426FC5B2E5C003400CC116D /* BrushPaletteArchiveModel.swift */,
				D42C64922E5AFDDF0028F8DD /* DrawingTool.swift */,
				D426FC5F2E5C0A8B00CC116D /* DrawingToolArchiveModel.swift */,
				D4D02E402E5AA47B0064ECC3 /* DrawingToolType.swift */,
				D4168DAC2E594E9A007F7904 /* EraserPalette.swift */,
				D426FC5D2E5C08AA00CC116D /* EraserPaletteArchiveModel.swift */,
			);
			path = DrawingTools;
			sourceTree = "<group>";
		};
		D426FC9E2E5DD90500CC116D /* FileIO */ = {
			isa = PBXGroup;
			children = (
				D49C69352F23CD7700B66608 /* FileManager.swift */,
				D49C69392F246BA800B66608 /* LocalFileItem.swift */,
				D49C693D2F249C9600B66608 /* LocalFileConvertible.swift */,
			);
			path = FileIO;
			sourceTree = "<group>";
		};
		D42F40992B4402EC00B32707 /* Components */ = {
			isa = PBXGroup;
			children = (
				D4168DAE2E594EA9007F7904 /* Drawingtools */,
				D4ACE9A32BA8587A0077C888 /* DialogPresenter.swift */,
				D4ACE9A52BA85C240077C888 /* NewCanvasDialogPresenter.swift */,
				D46B8F6F2BDBDFBC00EF3AC2 /* PopupWithArrow.swift */,
				D45478CA2DBC6D8E009CBCF5 /* PopupWithArrowConfiguration.swift */,
				D48A7DD029DAB81800D235B1 /* Toast.swift */,
				D4CBCE442BAA936E0053F198 /* TextureLayerViewPresenter.swift */,
				D4DF37732E914492009B8F2A /* Throttle.swift */,
			);
			path = Components;
			sourceTree = "<group>";
		};
		D4513AAF2AF63A3C00CA4438 /* FileView */ = {
			isa = PBXGroup;
			children = (
				D4513AAD2AF63A2A00CA4438 /* FileView.swift */,
			);
			path = FileView;
			sourceTree = "<group>";
		};
		D47FD3E52E2B20C600F3F514 /* Extensions */ = {
			isa = PBXGroup;
			children = (
				D49C69272F23A6D900B66608 /* CalendarExtensions.swift */,
				D4CF04FF2B9D4CAF00849A2C /* UIButtonExtensions.swift */,
				D41CACE42B9C023900B8C7C5 /* UIViewExtensions.swift */,
				D49833F82E4A028200B6E89D /* UIStackViewExtensions.swift */,
				D4168DAF2E594EE0007F7904 /* UIColorExtensions.swift */,
				D4168F212E59F14A007F7904 /* UIImageExtensions.swift */,
			);
			path = Extensions;
			sourceTree = "<group>";
		};
		D47FD3E62E2B20E800F3F514 /* Resources */ = {
			isa = PBXGroup;
			children = (
				D4E1ECE52752388E00D4A23D /* Assets.xcassets */,
				D40CDF062B4128670059527E /* ColorAssets.xcassets */,
				D4168DA72E594E4D007F7904 /* DrawingToolStorage.xcdatamodeld */,
				D49C691D2F23A3F400B66608 /* ProjectStorage.xcdatamodeld */,
			);
			path = Resources;
			sourceTree = "<group>";
		};
		D47FD5C12E2D1CE100F3F514 /* Frameworks */ = {
			isa = PBXGroup;
			children = (
			);
			name = Frameworks;
			sourceTree = "<group>";
		};
		D49C69292F23A75000B66608 /* Utils */ = {
			isa = PBXGroup;
			children = (
				D49C692B2F23A76400B66608 /* Logger.swift */,
			);
			path = Utils;
			sourceTree = "<group>";
		};
		D49C693F2F24A10100B66608 /* Project */ = {
			isa = PBXGroup;
			children = (
				D49C69242F23A69100B66608 /* ProjectData.swift */,
				D49C693B2F249C6B00B66608 /* ProjectArchiveModel.swift */,
			);
			path = Project;
			sourceTree = "<group>";
		};
		D4E1ECD02752388C00D4A23D = {
			isa = PBXGroup;
			children = (
				D4F0BF042E38F78900C3E441 /* CanvasView */,
				D46A2CE32E424E7000D638AE /* TextureLayerView */,
				D4E1ECDB2752388C00D4A23D /* HandDrawingSwiftMetal */,
				D4E1ECF22752388E00D4A23D /* HandDrawingSwiftMetalTests */,
				D4E1ECFC2752388E00D4A23D /* HandDrawingSwiftMetalUITests */,
				D47FD5C12E2D1CE100F3F514 /* Frameworks */,
				D4E1ECDA2752388C00D4A23D /* Products */,
			);
			sourceTree = "<group>";
		};
		D4E1ECDA2752388C00D4A23D /* Products */ = {
			isa = PBXGroup;
			children = (
				D4E1ECD92752388C00D4A23D /* HandDrawingSwiftMetal.app */,
				D4E1ECEF2752388E00D4A23D /* HandDrawingSwiftMetalTests.xctest */,
				D4E1ECF92752388E00D4A23D /* HandDrawingSwiftMetalUITests.xctest */,
			);
			name = Products;
			sourceTree = "<group>";
		};
		D4E1ECDB2752388C00D4A23D /* HandDrawingSwiftMetal */ = {
			isa = PBXGroup;
			children = (
				D49C69292F23A75000B66608 /* Utils */,
				D4F525742EAC96C600439FFF /* Models */,
				D4F5256B2EAC60F200439FFF /* Repositories */,
				D426FC9C2E5DD88600CC116D /* Domains */,
				D4E1ECDC2752388C00D4A23D /* AppDelegate.swift */,
				D4E1ECDE2752388C00D4A23D /* SceneDelegate.swift */,
				D49C69102F224F1200B66608 /* HandDrawingCanvasView.swift */,
				D44B52AC2DB3928000EE213C /* HandDrawingContentView.swift */,
				D44B52AD2DB3928000EE213C /* HandDrawingContentView.xib */,
				D44B52B02DB3928000EE213C /* HandDrawingViewController.swift */,
				D44B52B12DB3928000EE213C /* HandDrawingViewController.xib */,
				D4BF61112E4892A600CE94F4 /* HandDrawingViewModel.swift */,
				D4E1ECE72752388E00D4A23D /* LaunchScreen.storyboard */,
				D47FD3E52E2B20C600F3F514 /* Extensions */,
				D42F40992B4402EC00B32707 /* Components */,
				D4513AAF2AF63A3C00CA4438 /* FileView */,
				D47FD3E62E2B20E800F3F514 /* Resources */,
				D4E1ECEA2752388E00D4A23D /* Info.plist */,
			);
			path = HandDrawingSwiftMetal;
			sourceTree = "<group>";
		};
		D4E1ECF22752388E00D4A23D /* HandDrawingSwiftMetalTests */ = {
			isa = PBXGroup;
			children = (
				D426FC612E5C4B2700CC116D /* Components */,
				D4E1ECF32752388E00D4A23D /* HandDrawingSwiftMetalTests.swift */,
			);
			path = HandDrawingSwiftMetalTests;
			sourceTree = "<group>";
		};
		D4E1ECFC2752388E00D4A23D /* HandDrawingSwiftMetalUITests */ = {
			isa = PBXGroup;
			children = (
				D4E1ECFD2752388E00D4A23D /* HandDrawingSwiftMetalUITests.swift */,
				D4E1ECFF2752388E00D4A23D /* HandDrawingSwiftMetalUITestsLaunchTests.swift */,
			);
			path = HandDrawingSwiftMetalUITests;
			sourceTree = "<group>";
		};
		D4F5256B2EAC60F200439FFF /* Repositories */ = {
			isa = PBXGroup;
			children = (
				D4F5256C2EAC611F00439FFF /* LocalFileRepository.swift */,
				D4F5256E2EAC614B00439FFF /* FileInput.swift */,
				D4F525702EAC616600439FFF /* FileOutput.swift */,
			);
			path = Repositories;
			sourceTree = "<group>";
		};
		D4F525742EAC96C600439FFF /* Models */ = {
			isa = PBXGroup;
			children = (
				D4F525722EAC96BE00439FFF /* ToastMessage.swift */,
			);
			path = Models;
			sourceTree = "<group>";
		};
/* End PBXGroup section */

/* Begin PBXNativeTarget section */
		D4E1ECD82752388C00D4A23D /* HandDrawingSwiftMetal */ = {
			isa = PBXNativeTarget;
			buildConfigurationList = D4E1ED032752388E00D4A23D /* Build configuration list for PBXNativeTarget "HandDrawingSwiftMetal" */;
			buildPhases = (
				D4E1ECD52752388C00D4A23D /* Sources */,
				D4E1ECD62752388C00D4A23D /* Frameworks */,
				D4E1ECD72752388C00D4A23D /* Resources */,
				D4E1ED0C2752389E00D4A23D /* Swift lint */,
			);
			buildRules = (
			);
			dependencies = (
			);
			name = HandDrawingSwiftMetal;
			packageProductDependencies = (
				D47FD5C22E2D1CE100F3F514 /* ZIPFoundation */,
				D4F0BF052E38F79600C3E441 /* CanvasView */,
				D46A2CE42E424E8900D638AE /* TextureLayerView */,
			);
			productName = HandDrawingSwiftMetal;
			productReference = D4E1ECD92752388C00D4A23D /* HandDrawingSwiftMetal.app */;
			productType = "com.apple.product-type.application";
		};
		D4E1ECEE2752388E00D4A23D /* HandDrawingSwiftMetalTests */ = {
			isa = PBXNativeTarget;
			buildConfigurationList = D4E1ED062752388E00D4A23D /* Build configuration list for PBXNativeTarget "HandDrawingSwiftMetalTests" */;
			buildPhases = (
				D4E1ECEB2752388E00D4A23D /* Sources */,
				D4E1ECEC2752388E00D4A23D /* Frameworks */,
				D4E1ECED2752388E00D4A23D /* Resources */,
			);
			buildRules = (
			);
			dependencies = (
				D4E1ECF12752388E00D4A23D /* PBXTargetDependency */,
			);
			name = HandDrawingSwiftMetalTests;
			productName = HandDrawingSwiftMetalTests;
			productReference = D4E1ECEF2752388E00D4A23D /* HandDrawingSwiftMetalTests.xctest */;
			productType = "com.apple.product-type.bundle.unit-test";
		};
		D4E1ECF82752388E00D4A23D /* HandDrawingSwiftMetalUITests */ = {
			isa = PBXNativeTarget;
			buildConfigurationList = D4E1ED092752388E00D4A23D /* Build configuration list for PBXNativeTarget "HandDrawingSwiftMetalUITests" */;
			buildPhases = (
				D4E1ECF52752388E00D4A23D /* Sources */,
				D4E1ECF62752388E00D4A23D /* Frameworks */,
				D4E1ECF72752388E00D4A23D /* Resources */,
			);
			buildRules = (
			);
			dependencies = (
				D4E1ECFB2752388E00D4A23D /* PBXTargetDependency */,
			);
			name = HandDrawingSwiftMetalUITests;
			productName = HandDrawingSwiftMetalUITests;
			productReference = D4E1ECF92752388E00D4A23D /* HandDrawingSwiftMetalUITests.xctest */;
			productType = "com.apple.product-type.bundle.ui-testing";
		};
/* End PBXNativeTarget section */

/* Begin PBXProject section */
		D4E1ECD12752388C00D4A23D /* Project object */ = {
			isa = PBXProject;
			attributes = {
				BuildIndependentTargetsInParallel = 1;
				LastSwiftUpdateCheck = 1310;
				LastUpgradeCheck = 1310;
				TargetAttributes = {
					D4E1ECD82752388C00D4A23D = {
						CreatedOnToolsVersion = 13.1;
					};
					D4E1ECEE2752388E00D4A23D = {
						CreatedOnToolsVersion = 13.1;
						TestTargetID = D4E1ECD82752388C00D4A23D;
					};
					D4E1ECF82752388E00D4A23D = {
						CreatedOnToolsVersion = 13.1;
						TestTargetID = D4E1ECD82752388C00D4A23D;
					};
				};
			};
			buildConfigurationList = D4E1ECD42752388C00D4A23D /* Build configuration list for PBXProject "HandDrawingSwiftMetal" */;
			compatibilityVersion = "Xcode 13.0";
			developmentRegion = en;
			hasScannedForEncodings = 0;
			knownRegions = (
				en,
				Base,
			);
			mainGroup = D4E1ECD02752388C00D4A23D;
			packageReferences = (
				D47FD5C02E2D1CD900F3F514 /* XCRemoteSwiftPackageReference "ZIPFoundation" */,
			);
			productRefGroup = D4E1ECDA2752388C00D4A23D /* Products */;
			projectDirPath = "";
			projectRoot = "";
			targets = (
				D4E1ECD82752388C00D4A23D /* HandDrawingSwiftMetal */,
				D4E1ECEE2752388E00D4A23D /* HandDrawingSwiftMetalTests */,
				D4E1ECF82752388E00D4A23D /* HandDrawingSwiftMetalUITests */,
			);
		};
/* End PBXProject section */

/* Begin PBXResourcesBuildPhase section */
		D4E1ECD72752388C00D4A23D /* Resources */ = {
			isa = PBXResourcesBuildPhase;
			buildActionMask = 2147483647;
			files = (
				D44B52B52DB3928000EE213C /* HandDrawingContentView.xib in Resources */,
				D44B52B62DB3928000EE213C /* HandDrawingViewController.xib in Resources */,
				D4E1ECE92752388E00D4A23D /* LaunchScreen.storyboard in Resources */,
				D4E1ECE62752388E00D4A23D /* Assets.xcassets in Resources */,
				D40CDF072B4128670059527E /* ColorAssets.xcassets in Resources */,
			);
			runOnlyForDeploymentPostprocessing = 0;
		};
		D4E1ECED2752388E00D4A23D /* Resources */ = {
			isa = PBXResourcesBuildPhase;
			buildActionMask = 2147483647;
			files = (
			);
			runOnlyForDeploymentPostprocessing = 0;
		};
		D4E1ECF72752388E00D4A23D /* Resources */ = {
			isa = PBXResourcesBuildPhase;
			buildActionMask = 2147483647;
			files = (
			);
			runOnlyForDeploymentPostprocessing = 0;
		};
/* End PBXResourcesBuildPhase section */

/* Begin PBXShellScriptBuildPhase section */
		D4E1ED0C2752389E00D4A23D /* Swift lint */ = {
			isa = PBXShellScriptBuildPhase;
			alwaysOutOfDate = 1;
			buildActionMask = 2147483647;
			files = (
			);
			inputFileListPaths = (
			);
			inputPaths = (
			);
			name = "Swift lint";
			outputFileListPaths = (
			);
			outputPaths = (
			);
			runOnlyForDeploymentPostprocessing = 0;
			shellPath = /bin/sh;
			shellScript = "if which swiftlint >/dev/null; then\n  swiftlint\nelse\n  echo \"SwiftLint does not exist, download from https://github.com/realm/SwiftLint\"\nfi\n";
		};
/* End PBXShellScriptBuildPhase section */

/* Begin PBXSourcesBuildPhase section */
		D4E1ECD52752388C00D4A23D /* Sources */ = {
			isa = PBXSourcesBuildPhase;
			buildActionMask = 2147483647;
			files = (
				D49C69282F23A6D900B66608 /* CalendarExtensions.swift in Sources */,
				D44B52BB2DB3928000EE213C /* HandDrawingContentView.swift in Sources */,
				D45478CB2DBC6D8E009CBCF5 /* PopupWithArrowConfiguration.swift in Sources */,
				D4D02E412E5AA47B0064ECC3 /* DrawingToolType.swift in Sources */,
				D44B52CB2DB3928000EE213C /* HandDrawingViewController.swift in Sources */,
				D4F525712EAC616600439FFF /* FileOutput.swift in Sources */,
				D4F5256D2EAC611F00439FFF /* LocalFileRepository.swift in Sources */,
				D4513AAE2AF63A2A00CA4438 /* FileView.swift in Sources */,
				D46B8F702BDBDFBC00EF3AC2 /* PopupWithArrow.swift in Sources */,
				D49833F92E4A028200B6E89D /* UIStackViewExtensions.swift in Sources */,
				D4168DB02E594EE0007F7904 /* UIColorExtensions.swift in Sources */,
				D49C693E2F249C9600B66608 /* LocalFileConvertible.swift in Sources */,
				D4168F222E59F14A007F7904 /* UIImageExtensions.swift in Sources */,
				D4168F1C2E59EFE7007F7904 /* BrushPaletteView.swift in Sources */,
				D4CBCE452BAA936E0053F198 /* TextureLayerViewPresenter.swift in Sources */,
				D4CF05002B9D4CAF00849A2C /* UIButtonExtensions.swift in Sources */,
				D4168F202E59F101007F7904 /* DoubleStrokeCircle.swift in Sources */,
				D4DF37742E914492009B8F2A /* Throttle.swift in Sources */,
				D49C69232F23A64200B66608 /* CoreDataProjectStorage.swift in Sources */,
				D4ACE9A42BA8587B0077C888 /* DialogPresenter.swift in Sources */,
				D41CACE52B9C023900B8C7C5 /* UIViewExtensions.swift in Sources */,
				D426FC5E2E5C08AA00CC116D /* EraserPaletteArchiveModel.swift in Sources */,
				D41C721B2E6C73C300D524DE /* CoreDataEraserPaletteStorage.swift in Sources */,
				D4F5256F2EAC614B00439FFF /* FileInput.swift in Sources */,
				D49C692C2F23A76400B66608 /* Logger.swift in Sources */,
				D49C692E2F23A79D00B66608 /* AnyCoreDataStorage.swift in Sources */,
				D4168F242E59F7B4007F7904 /* EraserPaletteView.swift in Sources */,
				D4168DA92E594E4D007F7904 /* DrawingToolStorage.xcdatamodeld in Sources */,
				D48A7DD129DAB81800D235B1 /* Toast.swift in Sources */,
				D4168F1E2E59F0E1007F7904 /* ColorCircle.swift in Sources */,
				D4F525732EAC96BE00439FFF /* ToastMessage.swift in Sources */,
				D49C69322F23BA1600B66608 /* CoreDataStorage.swift in Sources */,
				D49C69252F23A69100B66608 /* ProjectData.swift in Sources */,
				D4ACE9A62BA85C240077C888 /* NewCanvasDialogPresenter.swift in Sources */,
				D4168DAD2E594E9A007F7904 /* EraserPalette.swift in Sources */,
				D42C64932E5AFDDF0028F8DD /* DrawingTool.swift in Sources */,
				D41C72192E6C47E200D524DE /* CoreDataBrushPaletteStorage.swift in Sources */,
				D49C69112F224F1200B66608 /* HandDrawingCanvasView.swift in Sources */,
				D426FC5C2E5C003400CC116D /* BrushPaletteArchiveModel.swift in Sources */,
				D49C69362F23CD7700B66608 /* FileManager.swift in Sources */,
				D43726BD2E76D0D4006E6FCD /* CoreDataDrawingToolStorage.swift in Sources */,
				D49C693A2F246BA900B66608 /* LocalFileItem.swift in Sources */,
				D49C693C2F249C6B00B66608 /* ProjectArchiveModel.swift in Sources */,
				D426FC602E5C0A8B00CC116D /* DrawingToolArchiveModel.swift in Sources */,
				D4E1ECDD2752388C00D4A23D /* AppDelegate.swift in Sources */,
				D4BF61122E4892A600CE94F4 /* HandDrawingViewModel.swift in Sources */,
				D4E1ECDF2752388C00D4A23D /* SceneDelegate.swift in Sources */,
				D49C691F2F23A3F400B66608 /* ProjectStorage.xcdatamodeld in Sources */,
				D4168DAB2E594E84007F7904 /* BrushPalette.swift in Sources */,
				D49C69212F23A5A400B66608 /* PersistenceController.swift in Sources */,
			);
			runOnlyForDeploymentPostprocessing = 0;
		};
		D4E1ECEB2752388E00D4A23D /* Sources */ = {
			isa = PBXSourcesBuildPhase;
			buildActionMask = 2147483647;
			files = (
				D426FC972E5C4B7100CC116D /* BrushPaletteTests.swift in Sources */,
				D4E1ECF42752388E00D4A23D /* HandDrawingSwiftMetalTests.swift in Sources */,
				D426FC9B2E5C895A00CC116D /* DrawingToolTests.swift in Sources */,
				D426FC992E5C852E00CC116D /* EraserPaletteTests.swift in Sources */,
			);
			runOnlyForDeploymentPostprocessing = 0;
		};
		D4E1ECF52752388E00D4A23D /* Sources */ = {
			isa = PBXSourcesBuildPhase;
			buildActionMask = 2147483647;
			files = (
				D4E1ED002752388E00D4A23D /* HandDrawingSwiftMetalUITestsLaunchTests.swift in Sources */,
				D4E1ECFE2752388E00D4A23D /* HandDrawingSwiftMetalUITests.swift in Sources */,
			);
			runOnlyForDeploymentPostprocessing = 0;
		};
/* End PBXSourcesBuildPhase section */

/* Begin PBXTargetDependency section */
		D4E1ECF12752388E00D4A23D /* PBXTargetDependency */ = {
			isa = PBXTargetDependency;
			target = D4E1ECD82752388C00D4A23D /* HandDrawingSwiftMetal */;
			targetProxy = D4E1ECF02752388E00D4A23D /* PBXContainerItemProxy */;
		};
		D4E1ECFB2752388E00D4A23D /* PBXTargetDependency */ = {
			isa = PBXTargetDependency;
			target = D4E1ECD82752388C00D4A23D /* HandDrawingSwiftMetal */;
			targetProxy = D4E1ECFA2752388E00D4A23D /* PBXContainerItemProxy */;
		};
/* End PBXTargetDependency section */

/* Begin PBXVariantGroup section */
		D4E1ECE72752388E00D4A23D /* LaunchScreen.storyboard */ = {
			isa = PBXVariantGroup;
			children = (
				D4E1ECE82752388E00D4A23D /* Base */,
			);
			name = LaunchScreen.storyboard;
			sourceTree = "<group>";
		};
/* End PBXVariantGroup section */

/* Begin XCBuildConfiguration section */
		D4E1ED012752388E00D4A23D /* Debug */ = {
			isa = XCBuildConfiguration;
			buildSettings = {
				ALWAYS_SEARCH_USER_PATHS = NO;
				CLANG_ANALYZER_NONNULL = YES;
				CLANG_ANALYZER_NUMBER_OBJECT_CONVERSION = YES_AGGRESSIVE;
				CLANG_CXX_LANGUAGE_STANDARD = "gnu++17";
				CLANG_CXX_LIBRARY = "libc++";
				CLANG_ENABLE_MODULES = YES;
				CLANG_ENABLE_OBJC_ARC = YES;
				CLANG_ENABLE_OBJC_WEAK = YES;
				CLANG_WARN_BLOCK_CAPTURE_AUTORELEASING = YES;
				CLANG_WARN_BOOL_CONVERSION = YES;
				CLANG_WARN_COMMA = YES;
				CLANG_WARN_CONSTANT_CONVERSION = YES;
				CLANG_WARN_DEPRECATED_OBJC_IMPLEMENTATIONS = YES;
				CLANG_WARN_DIRECT_OBJC_ISA_USAGE = YES_ERROR;
				CLANG_WARN_DOCUMENTATION_COMMENTS = YES;
				CLANG_WARN_EMPTY_BODY = YES;
				CLANG_WARN_ENUM_CONVERSION = YES;
				CLANG_WARN_INFINITE_RECURSION = YES;
				CLANG_WARN_INT_CONVERSION = YES;
				CLANG_WARN_NON_LITERAL_NULL_CONVERSION = YES;
				CLANG_WARN_OBJC_IMPLICIT_RETAIN_SELF = YES;
				CLANG_WARN_OBJC_LITERAL_CONVERSION = YES;
				CLANG_WARN_OBJC_ROOT_CLASS = YES_ERROR;
				CLANG_WARN_QUOTED_INCLUDE_IN_FRAMEWORK_HEADER = YES;
				CLANG_WARN_RANGE_LOOP_ANALYSIS = YES;
				CLANG_WARN_STRICT_PROTOTYPES = YES;
				CLANG_WARN_SUSPICIOUS_MOVE = YES;
				CLANG_WARN_UNGUARDED_AVAILABILITY = YES_AGGRESSIVE;
				CLANG_WARN_UNREACHABLE_CODE = YES;
				CLANG_WARN__DUPLICATE_METHOD_MATCH = YES;
				COPY_PHASE_STRIP = NO;
				DEBUG_INFORMATION_FORMAT = dwarf;
				ENABLE_STRICT_OBJC_MSGSEND = YES;
				ENABLE_TESTABILITY = YES;
				GCC_C_LANGUAGE_STANDARD = gnu11;
				GCC_DYNAMIC_NO_PIC = NO;
				GCC_NO_COMMON_BLOCKS = YES;
				GCC_OPTIMIZATION_LEVEL = 0;
				GCC_PREPROCESSOR_DEFINITIONS = (
					"DEBUG=1",
					"$(inherited)",
				);
				GCC_WARN_64_TO_32_BIT_CONVERSION = YES;
				GCC_WARN_ABOUT_RETURN_TYPE = YES_ERROR;
				GCC_WARN_UNDECLARED_SELECTOR = YES;
				GCC_WARN_UNINITIALIZED_AUTOS = YES_AGGRESSIVE;
				GCC_WARN_UNUSED_FUNCTION = YES;
				GCC_WARN_UNUSED_VARIABLE = YES;
				IPHONEOS_DEPLOYMENT_TARGET = 15.0;
				MTL_ENABLE_DEBUG_INFO = INCLUDE_SOURCE;
				MTL_FAST_MATH = YES;
				ONLY_ACTIVE_ARCH = YES;
				SDKROOT = iphoneos;
				SWIFT_ACTIVE_COMPILATION_CONDITIONS = DEBUG;
				SWIFT_OPTIMIZATION_LEVEL = "-Onone";
			};
			name = Debug;
		};
		D4E1ED022752388E00D4A23D /* Release */ = {
			isa = XCBuildConfiguration;
			buildSettings = {
				ALWAYS_SEARCH_USER_PATHS = NO;
				CLANG_ANALYZER_NONNULL = YES;
				CLANG_ANALYZER_NUMBER_OBJECT_CONVERSION = YES_AGGRESSIVE;
				CLANG_CXX_LANGUAGE_STANDARD = "gnu++17";
				CLANG_CXX_LIBRARY = "libc++";
				CLANG_ENABLE_MODULES = YES;
				CLANG_ENABLE_OBJC_ARC = YES;
				CLANG_ENABLE_OBJC_WEAK = YES;
				CLANG_WARN_BLOCK_CAPTURE_AUTORELEASING = YES;
				CLANG_WARN_BOOL_CONVERSION = YES;
				CLANG_WARN_COMMA = YES;
				CLANG_WARN_CONSTANT_CONVERSION = YES;
				CLANG_WARN_DEPRECATED_OBJC_IMPLEMENTATIONS = YES;
				CLANG_WARN_DIRECT_OBJC_ISA_USAGE = YES_ERROR;
				CLANG_WARN_DOCUMENTATION_COMMENTS = YES;
				CLANG_WARN_EMPTY_BODY = YES;
				CLANG_WARN_ENUM_CONVERSION = YES;
				CLANG_WARN_INFINITE_RECURSION = YES;
				CLANG_WARN_INT_CONVERSION = YES;
				CLANG_WARN_NON_LITERAL_NULL_CONVERSION = YES;
				CLANG_WARN_OBJC_IMPLICIT_RETAIN_SELF = YES;
				CLANG_WARN_OBJC_LITERAL_CONVERSION = YES;
				CLANG_WARN_OBJC_ROOT_CLASS = YES_ERROR;
				CLANG_WARN_QUOTED_INCLUDE_IN_FRAMEWORK_HEADER = YES;
				CLANG_WARN_RANGE_LOOP_ANALYSIS = YES;
				CLANG_WARN_STRICT_PROTOTYPES = YES;
				CLANG_WARN_SUSPICIOUS_MOVE = YES;
				CLANG_WARN_UNGUARDED_AVAILABILITY = YES_AGGRESSIVE;
				CLANG_WARN_UNREACHABLE_CODE = YES;
				CLANG_WARN__DUPLICATE_METHOD_MATCH = YES;
				COPY_PHASE_STRIP = NO;
				DEBUG_INFORMATION_FORMAT = "dwarf-with-dsym";
				ENABLE_NS_ASSERTIONS = NO;
				ENABLE_STRICT_OBJC_MSGSEND = YES;
				GCC_C_LANGUAGE_STANDARD = gnu11;
				GCC_NO_COMMON_BLOCKS = YES;
				GCC_WARN_64_TO_32_BIT_CONVERSION = YES;
				GCC_WARN_ABOUT_RETURN_TYPE = YES_ERROR;
				GCC_WARN_UNDECLARED_SELECTOR = YES;
				GCC_WARN_UNINITIALIZED_AUTOS = YES_AGGRESSIVE;
				GCC_WARN_UNUSED_FUNCTION = YES;
				GCC_WARN_UNUSED_VARIABLE = YES;
				IPHONEOS_DEPLOYMENT_TARGET = 15.0;
				MTL_ENABLE_DEBUG_INFO = NO;
				MTL_FAST_MATH = YES;
				SDKROOT = iphoneos;
				SWIFT_COMPILATION_MODE = wholemodule;
				SWIFT_OPTIMIZATION_LEVEL = "-O";
				VALIDATE_PRODUCT = YES;
			};
			name = Release;
		};
		D4E1ED042752388E00D4A23D /* Debug */ = {
			isa = XCBuildConfiguration;
			buildSettings = {
				ASSETCATALOG_COMPILER_APPICON_NAME = AppIcon;
				ASSETCATALOG_COMPILER_GLOBAL_ACCENT_COLOR_NAME = AccentColor;
				CODE_SIGN_IDENTITY = "Apple Development";
				CODE_SIGN_STYLE = Manual;
				CURRENT_PROJECT_VERSION = 1;
				DEVELOPMENT_TEAM = "";
				GENERATE_INFOPLIST_FILE = YES;
				INFOPLIST_FILE = HandDrawingSwiftMetal/Info.plist;
				INFOPLIST_KEY_NSPhotoLibraryAddUsageDescription = "Photo saving.";
				INFOPLIST_KEY_UIApplicationSupportsIndirectInputEvents = YES;
				INFOPLIST_KEY_UILaunchStoryboardName = LaunchScreen;
				INFOPLIST_KEY_UISupportedInterfaceOrientations_iPad = "UIInterfaceOrientationPortrait UIInterfaceOrientationPortraitUpsideDown UIInterfaceOrientationLandscapeLeft UIInterfaceOrientationLandscapeRight";
				INFOPLIST_KEY_UISupportedInterfaceOrientations_iPhone = "UIInterfaceOrientationPortrait UIInterfaceOrientationLandscapeLeft UIInterfaceOrientationLandscapeRight";
				IPHONEOS_DEPLOYMENT_TARGET = 15.0;
				LD_RUNPATH_SEARCH_PATHS = (
					"$(inherited)",
					"@executable_path/Frameworks",
				);
				MARKETING_VERSION = 1.0;
				PRODUCT_BUNDLE_IDENTIFIER = com.HandDrawingSwiftMetal;
				PRODUCT_NAME = "$(TARGET_NAME)";
				PROVISIONING_PROFILE_SPECIFIER = "";
				SWIFT_EMIT_LOC_STRINGS = YES;
				SWIFT_VERSION = 5.0;
				TARGETED_DEVICE_FAMILY = "1,2";
			};
			name = Debug;
		};
		D4E1ED052752388E00D4A23D /* Release */ = {
			isa = XCBuildConfiguration;
			buildSettings = {
				ASSETCATALOG_COMPILER_APPICON_NAME = AppIcon;
				ASSETCATALOG_COMPILER_GLOBAL_ACCENT_COLOR_NAME = AccentColor;
				CODE_SIGN_IDENTITY = "Apple Development";
				CODE_SIGN_STYLE = Manual;
				CURRENT_PROJECT_VERSION = 1;
				DEVELOPMENT_TEAM = "";
				GENERATE_INFOPLIST_FILE = YES;
				INFOPLIST_FILE = HandDrawingSwiftMetal/Info.plist;
				INFOPLIST_KEY_NSPhotoLibraryAddUsageDescription = "Photo saving.";
				INFOPLIST_KEY_UIApplicationSupportsIndirectInputEvents = YES;
				INFOPLIST_KEY_UILaunchStoryboardName = LaunchScreen;
				INFOPLIST_KEY_UISupportedInterfaceOrientations_iPad = "UIInterfaceOrientationPortrait UIInterfaceOrientationPortraitUpsideDown UIInterfaceOrientationLandscapeLeft UIInterfaceOrientationLandscapeRight";
				INFOPLIST_KEY_UISupportedInterfaceOrientations_iPhone = "UIInterfaceOrientationPortrait UIInterfaceOrientationLandscapeLeft UIInterfaceOrientationLandscapeRight";
				IPHONEOS_DEPLOYMENT_TARGET = 15.0;
				LD_RUNPATH_SEARCH_PATHS = (
					"$(inherited)",
					"@executable_path/Frameworks",
				);
				MARKETING_VERSION = 1.0;
				PRODUCT_BUNDLE_IDENTIFIER = com.HandDrawingSwiftMetal;
				PRODUCT_NAME = "$(TARGET_NAME)";
				PROVISIONING_PROFILE_SPECIFIER = "";
				SWIFT_EMIT_LOC_STRINGS = YES;
				SWIFT_VERSION = 5.0;
				TARGETED_DEVICE_FAMILY = "1,2";
			};
			name = Release;
		};
		D4E1ED072752388E00D4A23D /* Debug */ = {
			isa = XCBuildConfiguration;
			buildSettings = {
				ALWAYS_EMBED_SWIFT_STANDARD_LIBRARIES = YES;
				BUNDLE_LOADER = "$(TEST_HOST)";
				CODE_SIGN_STYLE = Manual;
				CURRENT_PROJECT_VERSION = 1;
				DEVELOPMENT_TEAM = "";
				GENERATE_INFOPLIST_FILE = YES;
				IPHONEOS_DEPLOYMENT_TARGET = 15.0;
				LD_RUNPATH_SEARCH_PATHS = (
					"$(inherited)",
					"@executable_path/Frameworks",
					"@loader_path/Frameworks",
				);
				MARKETING_VERSION = 1.0;
				PRODUCT_BUNDLE_IDENTIFIER = com.eisukekusachi.HandDrawingSwiftMetalTests;
				PRODUCT_NAME = "$(TARGET_NAME)";
				PROVISIONING_PROFILE_SPECIFIER = "";
				SWIFT_EMIT_LOC_STRINGS = NO;
				SWIFT_VERSION = 5.0;
				TARGETED_DEVICE_FAMILY = "1,2";
				TEST_HOST = "$(BUILT_PRODUCTS_DIR)/HandDrawingSwiftMetal.app/HandDrawingSwiftMetal";
			};
			name = Debug;
		};
		D4E1ED082752388E00D4A23D /* Release */ = {
			isa = XCBuildConfiguration;
			buildSettings = {
				ALWAYS_EMBED_SWIFT_STANDARD_LIBRARIES = YES;
				BUNDLE_LOADER = "$(TEST_HOST)";
				CODE_SIGN_STYLE = Manual;
				CURRENT_PROJECT_VERSION = 1;
				DEVELOPMENT_TEAM = "";
				GENERATE_INFOPLIST_FILE = YES;
				IPHONEOS_DEPLOYMENT_TARGET = 15.0;
				LD_RUNPATH_SEARCH_PATHS = (
					"$(inherited)",
					"@executable_path/Frameworks",
					"@loader_path/Frameworks",
				);
				MARKETING_VERSION = 1.0;
				PRODUCT_BUNDLE_IDENTIFIER = com.eisukekusachi.HandDrawingSwiftMetalTests;
				PRODUCT_NAME = "$(TARGET_NAME)";
				PROVISIONING_PROFILE_SPECIFIER = "";
				SWIFT_EMIT_LOC_STRINGS = NO;
				SWIFT_VERSION = 5.0;
				TARGETED_DEVICE_FAMILY = "1,2";
				TEST_HOST = "$(BUILT_PRODUCTS_DIR)/HandDrawingSwiftMetal.app/HandDrawingSwiftMetal";
			};
			name = Release;
		};
		D4E1ED0A2752388E00D4A23D /* Debug */ = {
			isa = XCBuildConfiguration;
			buildSettings = {
				ALWAYS_EMBED_SWIFT_STANDARD_LIBRARIES = YES;
				CODE_SIGN_STYLE = Manual;
				CURRENT_PROJECT_VERSION = 1;
				DEVELOPMENT_TEAM = "";
				GENERATE_INFOPLIST_FILE = YES;
				LD_RUNPATH_SEARCH_PATHS = (
					"$(inherited)",
					"@executable_path/Frameworks",
					"@loader_path/Frameworks",
				);
				MARKETING_VERSION = 1.0;
				PRODUCT_BUNDLE_IDENTIFIER = com.eisukekusachi.HandDrawingSwiftMetalUITests;
				PRODUCT_NAME = "$(TARGET_NAME)";
				PROVISIONING_PROFILE_SPECIFIER = "";
				SWIFT_EMIT_LOC_STRINGS = NO;
				SWIFT_VERSION = 5.0;
				TARGETED_DEVICE_FAMILY = "1,2";
				TEST_TARGET_NAME = HandDrawingSwiftMetal;
			};
			name = Debug;
		};
		D4E1ED0B2752388E00D4A23D /* Release */ = {
			isa = XCBuildConfiguration;
			buildSettings = {
				ALWAYS_EMBED_SWIFT_STANDARD_LIBRARIES = YES;
				CODE_SIGN_STYLE = Manual;
				CURRENT_PROJECT_VERSION = 1;
				DEVELOPMENT_TEAM = "";
				GENERATE_INFOPLIST_FILE = YES;
				LD_RUNPATH_SEARCH_PATHS = (
					"$(inherited)",
					"@executable_path/Frameworks",
					"@loader_path/Frameworks",
				);
				MARKETING_VERSION = 1.0;
				PRODUCT_BUNDLE_IDENTIFIER = com.eisukekusachi.HandDrawingSwiftMetalUITests;
				PRODUCT_NAME = "$(TARGET_NAME)";
				PROVISIONING_PROFILE_SPECIFIER = "";
				SWIFT_EMIT_LOC_STRINGS = NO;
				SWIFT_VERSION = 5.0;
				TARGETED_DEVICE_FAMILY = "1,2";
				TEST_TARGET_NAME = HandDrawingSwiftMetal;
			};
			name = Release;
		};
/* End XCBuildConfiguration section */

/* Begin XCConfigurationList section */
		D4E1ECD42752388C00D4A23D /* Build configuration list for PBXProject "HandDrawingSwiftMetal" */ = {
			isa = XCConfigurationList;
			buildConfigurations = (
				D4E1ED012752388E00D4A23D /* Debug */,
				D4E1ED022752388E00D4A23D /* Release */,
			);
			defaultConfigurationIsVisible = 0;
			defaultConfigurationName = Release;
		};
		D4E1ED032752388E00D4A23D /* Build configuration list for PBXNativeTarget "HandDrawingSwiftMetal" */ = {
			isa = XCConfigurationList;
			buildConfigurations = (
				D4E1ED042752388E00D4A23D /* Debug */,
				D4E1ED052752388E00D4A23D /* Release */,
			);
			defaultConfigurationIsVisible = 0;
			defaultConfigurationName = Release;
		};
		D4E1ED062752388E00D4A23D /* Build configuration list for PBXNativeTarget "HandDrawingSwiftMetalTests" */ = {
			isa = XCConfigurationList;
			buildConfigurations = (
				D4E1ED072752388E00D4A23D /* Debug */,
				D4E1ED082752388E00D4A23D /* Release */,
			);
			defaultConfigurationIsVisible = 0;
			defaultConfigurationName = Release;
		};
		D4E1ED092752388E00D4A23D /* Build configuration list for PBXNativeTarget "HandDrawingSwiftMetalUITests" */ = {
			isa = XCConfigurationList;
			buildConfigurations = (
				D4E1ED0A2752388E00D4A23D /* Debug */,
				D4E1ED0B2752388E00D4A23D /* Release */,
			);
			defaultConfigurationIsVisible = 0;
			defaultConfigurationName = Release;
		};
/* End XCConfigurationList section */

/* Begin XCRemoteSwiftPackageReference section */
		D47FD5C02E2D1CD900F3F514 /* XCRemoteSwiftPackageReference "ZIPFoundation" */ = {
			isa = XCRemoteSwiftPackageReference;
			repositoryURL = "https://github.com/weichsel/ZIPFoundation";
			requirement = {
				kind = upToNextMajorVersion;
				minimumVersion = 0.9.19;
			};
		};
/* End XCRemoteSwiftPackageReference section */

/* Begin XCSwiftPackageProductDependency section */
		D46A2CE42E424E8900D638AE /* TextureLayerView */ = {
			isa = XCSwiftPackageProductDependency;
			productName = TextureLayerView;
		};
		D47FD5C22E2D1CE100F3F514 /* ZIPFoundation */ = {
			isa = XCSwiftPackageProductDependency;
			package = D47FD5C02E2D1CD900F3F514 /* XCRemoteSwiftPackageReference "ZIPFoundation" */;
			productName = ZIPFoundation;
		};
		D4F0BF052E38F79600C3E441 /* CanvasView */ = {
			isa = XCSwiftPackageProductDependency;
			productName = CanvasView;
		};
/* End XCSwiftPackageProductDependency section */

/* Begin XCVersionGroup section */
		D4168DA72E594E4D007F7904 /* DrawingToolStorage.xcdatamodeld */ = {
			isa = XCVersionGroup;
			children = (
				D4168DA82E594E4D007F7904 /* DrawingToolStorage.xcdatamodel */,
			);
			currentVersion = D4168DA82E594E4D007F7904 /* DrawingToolStorage.xcdatamodel */;
			path = DrawingToolStorage.xcdatamodeld;
			sourceTree = "<group>";
			versionGroupType = wrapper.xcdatamodel;
		};
		D49C691D2F23A3F400B66608 /* ProjectStorage.xcdatamodeld */ = {
			isa = XCVersionGroup;
			children = (
				D49C691E2F23A3F400B66608 /* ProjectStorage.xcdatamodel */,
			);
			currentVersion = D49C691E2F23A3F400B66608 /* ProjectStorage.xcdatamodel */;
			path = ProjectStorage.xcdatamodeld;
			sourceTree = "<group>";
			versionGroupType = wrapper.xcdatamodel;
		};
/* End XCVersionGroup section */
	};
	rootObject = D4E1ECD12752388C00D4A23D /* Project object */;
}
