// !$*UTF8*$!
{
	archiveVersion = 1;
	classes = {
	};
	objectVersion = 55;
	objects = {

/* Begin PBXBuildFile section */
		D40CDEFF2B411F450059527E /* ImageLayerView.swift in Sources */ = {isa = PBXBuildFile; fileRef = D40CDEFE2B411F450059527E /* ImageLayerView.swift */; };
		D40CDF032B411F660059527E /* ImageLayerListView.swift in Sources */ = {isa = PBXBuildFile; fileRef = D40CDF022B411F660059527E /* ImageLayerListView.swift */; };
		D40CDF072B4128670059527E /* ColorAssets.xcassets in Resources */ = {isa = PBXBuildFile; fileRef = D40CDF062B4128670059527E /* ColorAssets.xcassets */; };
		D40CDF0B2B4130A40059527E /* TimeStampFormatter.swift in Sources */ = {isa = PBXBuildFile; fileRef = D40CDF0A2B4130A40059527E /* TimeStampFormatter.swift */; };
		D40CDF0D2B4137080059527E /* ImageExtensions.swift in Sources */ = {isa = PBXBuildFile; fileRef = D40CDF0C2B4137080059527E /* ImageExtensions.swift */; };
		D40D976029DAB09400A82E6A /* TouchPoint.swift in Sources */ = {isa = PBXBuildFile; fileRef = D40D975A29DAB09400A82E6A /* TouchPoint.swift */; };
		D40D976229DAB09400A82E6A /* Iterator.swift in Sources */ = {isa = PBXBuildFile; fileRef = D40D975C29DAB09400A82E6A /* Iterator.swift */; };
		D40D976429DAB09400A82E6A /* Curve.swift in Sources */ = {isa = PBXBuildFile; fileRef = D40D975E29DAB09400A82E6A /* Curve.swift */; };
		D40D976B29DAB09D00A82E6A /* DrawingToolEraser.swift in Sources */ = {isa = PBXBuildFile; fileRef = D40D976629DAB09C00A82E6A /* DrawingToolEraser.swift */; };
		D40D976C29DAB09D00A82E6A /* DrawingToolBrush.swift in Sources */ = {isa = PBXBuildFile; fileRef = D40D976729DAB09C00A82E6A /* DrawingToolBrush.swift */; };
		D40D976D29DAB09D00A82E6A /* DrawingBrushLayer.swift in Sources */ = {isa = PBXBuildFile; fileRef = D40D976829DAB09C00A82E6A /* DrawingBrushLayer.swift */; };
		D40D976F29DAB09D00A82E6A /* DrawingEraserLayer.swift in Sources */ = {isa = PBXBuildFile; fileRef = D40D976A29DAB09D00A82E6A /* DrawingEraserLayer.swift */; };
		D40D977329DAB0AD00A82E6A /* CGAffineTransformExtensions.swift in Sources */ = {isa = PBXBuildFile; fileRef = D40D977029DAB0AD00A82E6A /* CGAffineTransformExtensions.swift */; };
		D40D977429DAB0AD00A82E6A /* UIColorExtensions.swift in Sources */ = {isa = PBXBuildFile; fileRef = D40D977129DAB0AD00A82E6A /* UIColorExtensions.swift */; };
		D40D977529DAB0AD00A82E6A /* DictionaryExtensions.swift in Sources */ = {isa = PBXBuildFile; fileRef = D40D977229DAB0AD00A82E6A /* DictionaryExtensions.swift */; };
		D40D979329DAB0D700A82E6A /* Calc.swift in Sources */ = {isa = PBXBuildFile; fileRef = D40D979029DAB0D700A82E6A /* Calc.swift */; };
		D40D979429DAB0D700A82E6A /* Aspect.swift in Sources */ = {isa = PBXBuildFile; fileRef = D40D979129DAB0D700A82E6A /* Aspect.swift */; };
		D40D979529DAB0D700A82E6A /* Interpolator.swift in Sources */ = {isa = PBXBuildFile; fileRef = D40D979229DAB0D700A82E6A /* Interpolator.swift */; };
		D40D979D29DAB0DF00A82E6A /* Texture.metal in Sources */ = {isa = PBXBuildFile; fileRef = D40D979629DAB0DE00A82E6A /* Texture.metal */; };
		D40D979E29DAB0DF00A82E6A /* Drawing.metal in Sources */ = {isa = PBXBuildFile; fileRef = D40D979729DAB0DE00A82E6A /* Drawing.metal */; };
		D40D979F29DAB0DF00A82E6A /* Command.swift in Sources */ = {isa = PBXBuildFile; fileRef = D40D979829DAB0DE00A82E6A /* Command.swift */; };
		D40D97A029DAB0DF00A82E6A /* Pipeline.swift in Sources */ = {isa = PBXBuildFile; fileRef = D40D979929DAB0DE00A82E6A /* Pipeline.swift */; };
		D40D97A229DAB0DF00A82E6A /* CommandQueue.swift in Sources */ = {isa = PBXBuildFile; fileRef = D40D979B29DAB0DF00A82E6A /* CommandQueue.swift */; };
		D40D97A329DAB0DF00A82E6A /* Buffers.swift in Sources */ = {isa = PBXBuildFile; fileRef = D40D979C29DAB0DF00A82E6A /* Buffers.swift */; };
		D40D97A729DAB0E800A82E6A /* ActionState.swift in Sources */ = {isa = PBXBuildFile; fileRef = D40D97A529DAB0E800A82E6A /* ActionState.swift */; };
		D41CACE22B9C01F200B8C7C5 /* ContentView.xib in Resources */ = {isa = PBXBuildFile; fileRef = D41CACE02B9C01F100B8C7C5 /* ContentView.xib */; };
		D41CACE32B9C01F200B8C7C5 /* ContentView.swift in Sources */ = {isa = PBXBuildFile; fileRef = D41CACE12B9C01F100B8C7C5 /* ContentView.swift */; };
		D41CACE52B9C023900B8C7C5 /* UIViewExtensions.swift in Sources */ = {isa = PBXBuildFile; fileRef = D41CACE42B9C023900B8C7C5 /* UIViewExtensions.swift */; };
		D422D9C82AF4DD18004E058B /* UndoObject.swift in Sources */ = {isa = PBXBuildFile; fileRef = D422D9C72AF4DD18004E058B /* UndoObject.swift */; };
		D422D9D02AF50957004E058B /* ZipArchive in Frameworks */ = {isa = PBXBuildFile; productRef = D422D9CF2AF50957004E058B /* ZipArchive */; };
		D422D9D22AF50AE4004E058B /* FileManagerExtensions.swift in Sources */ = {isa = PBXBuildFile; fileRef = D422D9D12AF50AE4004E058B /* FileManagerExtensions.swift */; };
		D428FDAA2BD282B400BFE4C9 /* InputManager.swift in Sources */ = {isa = PBXBuildFile; fileRef = D428FDA92BD282B400BFE4C9 /* InputManager.swift */; };
		D42F409B2B44030000B32707 /* TwoRowsSliderView.swift in Sources */ = {isa = PBXBuildFile; fileRef = D42F409A2B44030000B32707 /* TwoRowsSliderView.swift */; };
		D42F409D2B44033300B32707 /* SliderStyle.swift in Sources */ = {isa = PBXBuildFile; fileRef = D42F409C2B44033300B32707 /* SliderStyle.swift */; };
		D42F409F2B44035A00B32707 /* IntSlider.swift in Sources */ = {isa = PBXBuildFile; fileRef = D42F409E2B44035A00B32707 /* IntSlider.swift */; };
		D42F40A12B45052B00B32707 /* ImageLayerEntity.swift in Sources */ = {isa = PBXBuildFile; fileRef = D42F40A02B45052B00B32707 /* ImageLayerEntity.swift */; };
		D43906CA2ADB7D1A00E22361 /* BlurredDotSize.swift in Sources */ = {isa = PBXBuildFile; fileRef = D43906C92ADB7D1A00E22361 /* BlurredDotSize.swift */; };
		D440DF712ADA9E5100A4E425 /* MTKTextureDisplayView.swift in Sources */ = {isa = PBXBuildFile; fileRef = D440DF702ADA9E5100A4E425 /* MTKTextureDisplayView.swift */; };
		D440DF732ADA9E7D00A4E425 /* MTLTextureExtensions.swift in Sources */ = {isa = PBXBuildFile; fileRef = D440DF722ADA9E7D00A4E425 /* MTLTextureExtensions.swift */; };
		D440DF762ADA9EB900A4E425 /* CommandQueueProtocol.swift in Sources */ = {isa = PBXBuildFile; fileRef = D440DF752ADA9EB900A4E425 /* CommandQueueProtocol.swift */; };
		D44D19602BE5D1770069D4A9 /* CanvasEntity.swift in Sources */ = {isa = PBXBuildFile; fileRef = D44D195F2BE5D1760069D4A9 /* CanvasEntity.swift */; };
		D44D19622BE5D1820069D4A9 /* OldCanvasEntity.swift in Sources */ = {isa = PBXBuildFile; fileRef = D44D19612BE5D1820069D4A9 /* OldCanvasEntity.swift */; };
		D44D19672BE5D8AB0069D4A9 /* FileInputManager.swift in Sources */ = {isa = PBXBuildFile; fileRef = D44D19662BE5D8AB0069D4A9 /* FileInputManager.swift */; };
		D44D19692BE5DA4D0069D4A9 /* FileOutputManager.swift in Sources */ = {isa = PBXBuildFile; fileRef = D44D19682BE5DA4D0069D4A9 /* FileOutputManager.swift */; };
		D44D196C2BE5DAF50069D4A9 /* LocalRepository.swift in Sources */ = {isa = PBXBuildFile; fileRef = D44D196B2BE5DAF50069D4A9 /* LocalRepository.swift */; };
		D44D19722BE5DBF60069D4A9 /* DocumentsLocalRepository.swift in Sources */ = {isa = PBXBuildFile; fileRef = D44D19712BE5DBF60069D4A9 /* DocumentsLocalRepository.swift */; };
		D44D19742BE5DFE80069D4A9 /* ToastModel.swift in Sources */ = {isa = PBXBuildFile; fileRef = D44D19732BE5DFE80069D4A9 /* ToastModel.swift */; };
		D4507C162C3E2C1300CA3974 /* CanvasModel.swift in Sources */ = {isa = PBXBuildFile; fileRef = D4507C152C3E2C1300CA3974 /* CanvasModel.swift */; };
		D4513AA22AF5D4AC00CA4438 /* URLExtensions.swift in Sources */ = {isa = PBXBuildFile; fileRef = D4513AA12AF5D4AC00CA4438 /* URLExtensions.swift */; };
		D4513AA82AF5DAA600CA4438 /* CalendarExtensions.swift in Sources */ = {isa = PBXBuildFile; fileRef = D4513AA72AF5DAA600CA4438 /* CalendarExtensions.swift */; };
		D4513AAE2AF63A2A00CA4438 /* FileView.swift in Sources */ = {isa = PBXBuildFile; fileRef = D4513AAD2AF63A2A00CA4438 /* FileView.swift */; };
		D45156FB2C31343F009C7BFC /* ViewSize.swift in Sources */ = {isa = PBXBuildFile; fileRef = D45156FA2C31343F009C7BFC /* ViewSize.swift */; };
		D4541E842BBACF1A00C96741 /* TouchManager.swift in Sources */ = {isa = PBXBuildFile; fileRef = D4541E832BBACF1A00C96741 /* TouchManager.swift */; };
		D4541E882BBAE43F00C96741 /* ActionManager.swift in Sources */ = {isa = PBXBuildFile; fileRef = D4541E872BBAE43F00C96741 /* ActionManager.swift */; };
		D4541E922BBC160B00C96741 /* DotPoint.swift in Sources */ = {isa = PBXBuildFile; fileRef = D4541E912BBC160B00C96741 /* DotPoint.swift */; };
		D4541E942BBC167200C96741 /* CGPointExtensions.swift in Sources */ = {isa = PBXBuildFile; fileRef = D4541E932BBC167200C96741 /* CGPointExtensions.swift */; };
		D45941582B08B5CF00A18653 /* DrawingTool.swift in Sources */ = {isa = PBXBuildFile; fileRef = D45941572B08B5CF00A18653 /* DrawingTool.swift */; };
		D459415E2B08EEC000A18653 /* UndoManagerWithCount.swift in Sources */ = {isa = PBXBuildFile; fileRef = D459415D2B08EEC000A18653 /* UndoManagerWithCount.swift */; };
		D46601B92C392D3D007F1BC9 /* MTKRenderTextureProtocol.swift in Sources */ = {isa = PBXBuildFile; fileRef = D46601B82C392D3D007F1BC9 /* MTKRenderTextureProtocol.swift */; };
		D4671FA22BC0E48500ABDA4E /* SmoothLineDrawing.swift in Sources */ = {isa = PBXBuildFile; fileRef = D4671FA12BC0E48500ABDA4E /* SmoothLineDrawing.swift */; };
		D4671FA42BC15CB700ABDA4E /* TransformingProtocol.swift in Sources */ = {isa = PBXBuildFile; fileRef = D4671FA32BC15CB700ABDA4E /* TransformingProtocol.swift */; };
		D4671FA62BC161A100ABDA4E /* Drawing.swift in Sources */ = {isa = PBXBuildFile; fileRef = D4671FA52BC161A100ABDA4E /* Drawing.swift */; };
		D469A85D2C56206800D10575 /* ScaleManager.swift in Sources */ = {isa = PBXBuildFile; fileRef = D469A85C2C56206800D10575 /* ScaleManager.swift */; };
		D469A85F2C5620FB00D10575 /* GrayscaleTexturePoint.swift in Sources */ = {isa = PBXBuildFile; fileRef = D469A85E2C5620FB00D10575 /* GrayscaleTexturePoint.swift */; };
		D469A86D2C56334100D10575 /* GrayscaleTexturePointIterator.swift in Sources */ = {isa = PBXBuildFile; fileRef = D469A86C2C56334100D10575 /* GrayscaleTexturePointIterator.swift */; };
		D46A30412BF841270057DB69 /* ImageLayer.swift in Sources */ = {isa = PBXBuildFile; fileRef = D46A30402BF841270057DB69 /* ImageLayer.swift */; };
		D46A30432BF842570057DB69 /* LayerManager.swift in Sources */ = {isa = PBXBuildFile; fileRef = D46A30422BF842570057DB69 /* LayerManager.swift */; };
		D46B8F702BDBDFBC00EF3AC2 /* RoundedRectangleWithArrow.swift in Sources */ = {isa = PBXBuildFile; fileRef = D46B8F6F2BDBDFBC00EF3AC2 /* RoundedRectangleWithArrow.swift */; };
		D46B8F722BDCF88200EF3AC2 /* UndoManagerProtocol.swift in Sources */ = {isa = PBXBuildFile; fileRef = D46B8F712BDCF88200EF3AC2 /* UndoManagerProtocol.swift */; };
		D47285A02BBEBC350035AFCD /* LineDrawing.swift in Sources */ = {isa = PBXBuildFile; fileRef = D472859F2BBEBC350035AFCD /* LineDrawing.swift */; };
		D47285A42BBEBD000035AFCD /* LineParameters.swift in Sources */ = {isa = PBXBuildFile; fileRef = D47285A32BBEBD000035AFCD /* LineParameters.swift */; };
		D47285A62BBEBD4C0035AFCD /* LineSegment.swift in Sources */ = {isa = PBXBuildFile; fileRef = D47285A52BBEBD4C0035AFCD /* LineSegment.swift */; };
		D47285A82BBEBE220035AFCD /* DrawingLineProtocol.swift in Sources */ = {isa = PBXBuildFile; fileRef = D47285A72BBEBE220035AFCD /* DrawingLineProtocol.swift */; };
		D48A7DD129DAB81800D235B1 /* Toast.swift in Sources */ = {isa = PBXBuildFile; fileRef = D48A7DD029DAB81800D235B1 /* Toast.swift */; };
		D48AC4202BCA963D00608E42 /* LayerUndoManager.swift in Sources */ = {isa = PBXBuildFile; fileRef = D48AC41F2BCA963D00608E42 /* LayerUndoManager.swift */; };
		D4934F422ADA36C500C52B76 /* DrawingToolType.swift in Sources */ = {isa = PBXBuildFile; fileRef = D4934F412ADA36C500C52B76 /* DrawingToolType.swift */; };
		D4ACE9A42BA8587B0077C888 /* DialogPresenter.swift in Sources */ = {isa = PBXBuildFile; fileRef = D4ACE9A32BA8587A0077C888 /* DialogPresenter.swift */; };
		D4ACE9A62BA85C240077C888 /* NewCanvasDialogPresenter.swift in Sources */ = {isa = PBXBuildFile; fileRef = D4ACE9A52BA85C240077C888 /* NewCanvasDialogPresenter.swift */; };
		D4B4AAA02B3FBEA700298CFB /* MTKTextureUtils.swift in Sources */ = {isa = PBXBuildFile; fileRef = D4B4AA9F2B3FBEA700298CFB /* MTKTextureUtils.swift */; };
		D4B4AAA22B3FF44100298CFB /* ImageLayerCellItem.swift in Sources */ = {isa = PBXBuildFile; fileRef = D4B4AAA12B3FF44100298CFB /* ImageLayerCellItem.swift */; };
		D4B65E5F29DD34A000A0542F /* UIImageExtensions.swift in Sources */ = {isa = PBXBuildFile; fileRef = D4B65E5E29DD34A000A0542F /* UIImageExtensions.swift */; };
		D4BB3ABC2BB973F100C04A3D /* FingerInputGestureRecognizer.swift in Sources */ = {isa = PBXBuildFile; fileRef = D4BB3ABB2BB973F100C04A3D /* FingerInputGestureRecognizer.swift */; };
		D4BB3ABE2BB973FD00C04A3D /* PencilInputGestureRecognizer.swift in Sources */ = {isa = PBXBuildFile; fileRef = D4BB3ABD2BB973FD00C04A3D /* PencilInputGestureRecognizer.swift */; };
		D4BCB3012AF7339200EA650D /* StringExtensions.swift in Sources */ = {isa = PBXBuildFile; fileRef = D4BCB3002AF7339200EA650D /* StringExtensions.swift */; };
		D4BCB3032AF7383B00EA650D /* DataExtensions.swift in Sources */ = {isa = PBXBuildFile; fileRef = D4BCB3022AF7383B00EA650D /* DataExtensions.swift */; };
		D4C3971A2B9C941F0037312F /* DrawingToolModel.swift in Sources */ = {isa = PBXBuildFile; fileRef = D4C397192B9C941F0037312F /* DrawingToolModel.swift */; };
		D4C8EE982B25490B005947EC /* DrawingLayer.swift in Sources */ = {isa = PBXBuildFile; fileRef = D4C8EE972B25490B005947EC /* DrawingLayer.swift */; };
		D4C8EE9E2B255108005947EC /* CanvasViewModel.swift in Sources */ = {isa = PBXBuildFile; fileRef = D4C8EE9D2B255108005947EC /* CanvasViewModel.swift */; };
		D4C9791C2ADBAA3700BB666D /* TransformingPoint.swift in Sources */ = {isa = PBXBuildFile; fileRef = D4C9791B2ADBAA3700BB666D /* TransformingPoint.swift */; };
		D4C9791E2ADBAA6400BB666D /* Transforming.swift in Sources */ = {isa = PBXBuildFile; fileRef = D4C9791D2ADBAA6400BB666D /* Transforming.swift */; };
		D4CB0D322B2E8BAA00A4DCC1 /* CanvasViewModelTests.swift in Sources */ = {isa = PBXBuildFile; fileRef = D4CB0D312B2E8BAA00A4DCC1 /* CanvasViewModelTests.swift */; };
		D4CB0D342B2E991A00A4DCC1 /* ActionStateTest.swift in Sources */ = {isa = PBXBuildFile; fileRef = D4CB0D332B2E991A00A4DCC1 /* ActionStateTest.swift */; };
		D4CB0D362B2E9A5F00A4DCC1 /* DefaultIteratorTest.swift in Sources */ = {isa = PBXBuildFile; fileRef = D4CB0D352B2E9A5F00A4DCC1 /* DefaultIteratorTest.swift */; };
		D4CB0D382B2E9B2F00A4DCC1 /* DrawingActionStateTest.swift in Sources */ = {isa = PBXBuildFile; fileRef = D4CB0D372B2E9B2F00A4DCC1 /* DrawingActionStateTest.swift */; };
		D4CB0D3A2B2E9BB500A4DCC1 /* DrawingIteratorTest.swift in Sources */ = {isa = PBXBuildFile; fileRef = D4CB0D392B2E9BB500A4DCC1 /* DrawingIteratorTest.swift */; };
		D4CB0D3C2B2E9BF900A4DCC1 /* InputManagerTest.swift in Sources */ = {isa = PBXBuildFile; fileRef = D4CB0D3B2B2E9BF900A4DCC1 /* InputManagerTest.swift */; };
		D4CB0D3E2B2EB10A00A4DCC1 /* IteratorNonNormalTest.swift in Sources */ = {isa = PBXBuildFile; fileRef = D4CB0D3D2B2EB10A00A4DCC1 /* IteratorNonNormalTest.swift */; };
		D4CB0D402B2EB14300A4DCC1 /* SmoothPointIteratorTest.swift in Sources */ = {isa = PBXBuildFile; fileRef = D4CB0D3F2B2EB14300A4DCC1 /* SmoothPointIteratorTest.swift */; };
		D4CB0D422B2EB19F00A4DCC1 /* TransformingActionStateTest.swift in Sources */ = {isa = PBXBuildFile; fileRef = D4CB0D412B2EB19F00A4DCC1 /* TransformingActionStateTest.swift */; };
		D4CBCE452BAA936E0053F198 /* LayerViewPresenter.swift in Sources */ = {isa = PBXBuildFile; fileRef = D4CBCE442BAA936E0053F198 /* LayerViewPresenter.swift */; };
		D4CF05002B9D4CAF00849A2C /* UIButtonExtensions.swift in Sources */ = {isa = PBXBuildFile; fileRef = D4CF04FF2B9D4CAF00849A2C /* UIButtonExtensions.swift */; };
		D4E1ECDD2752388C00D4A23D /* AppDelegate.swift in Sources */ = {isa = PBXBuildFile; fileRef = D4E1ECDC2752388C00D4A23D /* AppDelegate.swift */; };
		D4E1ECDF2752388C00D4A23D /* SceneDelegate.swift in Sources */ = {isa = PBXBuildFile; fileRef = D4E1ECDE2752388C00D4A23D /* SceneDelegate.swift */; };
		D4E1ECE12752388C00D4A23D /* ViewController.swift in Sources */ = {isa = PBXBuildFile; fileRef = D4E1ECE02752388C00D4A23D /* ViewController.swift */; };
		D4E1ECE42752388C00D4A23D /* Main.storyboard in Resources */ = {isa = PBXBuildFile; fileRef = D4E1ECE22752388C00D4A23D /* Main.storyboard */; };
		D4E1ECE62752388E00D4A23D /* Assets.xcassets in Resources */ = {isa = PBXBuildFile; fileRef = D4E1ECE52752388E00D4A23D /* Assets.xcassets */; };
		D4E1ECE92752388E00D4A23D /* LaunchScreen.storyboard in Resources */ = {isa = PBXBuildFile; fileRef = D4E1ECE72752388E00D4A23D /* LaunchScreen.storyboard */; };
		D4E1ECF42752388E00D4A23D /* HandDrawingSwiftMetalTests.swift in Sources */ = {isa = PBXBuildFile; fileRef = D4E1ECF32752388E00D4A23D /* HandDrawingSwiftMetalTests.swift */; };
		D4E1ECFE2752388E00D4A23D /* HandDrawingSwiftMetalUITests.swift in Sources */ = {isa = PBXBuildFile; fileRef = D4E1ECFD2752388E00D4A23D /* HandDrawingSwiftMetalUITests.swift */; };
		D4E1ED002752388E00D4A23D /* HandDrawingSwiftMetalUITestsLaunchTests.swift in Sources */ = {isa = PBXBuildFile; fileRef = D4E1ECFF2752388E00D4A23D /* HandDrawingSwiftMetalUITestsLaunchTests.swift */; };
		D4F1BB3E2B2D436F006EA102 /* ImageLayerManager.swift in Sources */ = {isa = PBXBuildFile; fileRef = D4F1BB3D2B2D436F006EA102 /* ImageLayerManager.swift */; };
/* End PBXBuildFile section */

/* Begin PBXContainerItemProxy section */
		D4E1ECF02752388E00D4A23D /* PBXContainerItemProxy */ = {
			isa = PBXContainerItemProxy;
			containerPortal = D4E1ECD12752388C00D4A23D /* Project object */;
			proxyType = 1;
			remoteGlobalIDString = D4E1ECD82752388C00D4A23D;
			remoteInfo = HandDrawingSwiftMetal;
		};
		D4E1ECFA2752388E00D4A23D /* PBXContainerItemProxy */ = {
			isa = PBXContainerItemProxy;
			containerPortal = D4E1ECD12752388C00D4A23D /* Project object */;
			proxyType = 1;
			remoteGlobalIDString = D4E1ECD82752388C00D4A23D;
			remoteInfo = HandDrawingSwiftMetal;
		};
/* End PBXContainerItemProxy section */

/* Begin PBXFileReference section */
		D40CDEFE2B411F450059527E /* ImageLayerView.swift */ = {isa = PBXFileReference; lastKnownFileType = sourcecode.swift; path = ImageLayerView.swift; sourceTree = "<group>"; };
		D40CDF022B411F660059527E /* ImageLayerListView.swift */ = {isa = PBXFileReference; lastKnownFileType = sourcecode.swift; path = ImageLayerListView.swift; sourceTree = "<group>"; };
		D40CDF062B4128670059527E /* ColorAssets.xcassets */ = {isa = PBXFileReference; lastKnownFileType = folder.assetcatalog; path = ColorAssets.xcassets; sourceTree = "<group>"; };
		D40CDF0A2B4130A40059527E /* TimeStampFormatter.swift */ = {isa = PBXFileReference; lastKnownFileType = sourcecode.swift; path = TimeStampFormatter.swift; sourceTree = "<group>"; };
		D40CDF0C2B4137080059527E /* ImageExtensions.swift */ = {isa = PBXFileReference; lastKnownFileType = sourcecode.swift; path = ImageExtensions.swift; sourceTree = "<group>"; };
		D40D975A29DAB09400A82E6A /* TouchPoint.swift */ = {isa = PBXFileReference; fileEncoding = 4; lastKnownFileType = sourcecode.swift; path = TouchPoint.swift; sourceTree = "<group>"; };
		D40D975C29DAB09400A82E6A /* Iterator.swift */ = {isa = PBXFileReference; fileEncoding = 4; lastKnownFileType = sourcecode.swift; path = Iterator.swift; sourceTree = "<group>"; };
		D40D975E29DAB09400A82E6A /* Curve.swift */ = {isa = PBXFileReference; fileEncoding = 4; lastKnownFileType = sourcecode.swift; path = Curve.swift; sourceTree = "<group>"; };
		D40D976629DAB09C00A82E6A /* DrawingToolEraser.swift */ = {isa = PBXFileReference; fileEncoding = 4; lastKnownFileType = sourcecode.swift; path = DrawingToolEraser.swift; sourceTree = "<group>"; };
		D40D976729DAB09C00A82E6A /* DrawingToolBrush.swift */ = {isa = PBXFileReference; fileEncoding = 4; lastKnownFileType = sourcecode.swift; path = DrawingToolBrush.swift; sourceTree = "<group>"; };
		D40D976829DAB09C00A82E6A /* DrawingBrushLayer.swift */ = {isa = PBXFileReference; fileEncoding = 4; lastKnownFileType = sourcecode.swift; path = DrawingBrushLayer.swift; sourceTree = "<group>"; };
		D40D976A29DAB09D00A82E6A /* DrawingEraserLayer.swift */ = {isa = PBXFileReference; fileEncoding = 4; lastKnownFileType = sourcecode.swift; path = DrawingEraserLayer.swift; sourceTree = "<group>"; };
		D40D977029DAB0AD00A82E6A /* CGAffineTransformExtensions.swift */ = {isa = PBXFileReference; fileEncoding = 4; lastKnownFileType = sourcecode.swift; path = CGAffineTransformExtensions.swift; sourceTree = "<group>"; };
		D40D977129DAB0AD00A82E6A /* UIColorExtensions.swift */ = {isa = PBXFileReference; fileEncoding = 4; lastKnownFileType = sourcecode.swift; path = UIColorExtensions.swift; sourceTree = "<group>"; };
		D40D977229DAB0AD00A82E6A /* DictionaryExtensions.swift */ = {isa = PBXFileReference; fileEncoding = 4; lastKnownFileType = sourcecode.swift; path = DictionaryExtensions.swift; sourceTree = "<group>"; };
		D40D979029DAB0D700A82E6A /* Calc.swift */ = {isa = PBXFileReference; fileEncoding = 4; lastKnownFileType = sourcecode.swift; path = Calc.swift; sourceTree = "<group>"; };
		D40D979129DAB0D700A82E6A /* Aspect.swift */ = {isa = PBXFileReference; fileEncoding = 4; lastKnownFileType = sourcecode.swift; path = Aspect.swift; sourceTree = "<group>"; };
		D40D979229DAB0D700A82E6A /* Interpolator.swift */ = {isa = PBXFileReference; fileEncoding = 4; lastKnownFileType = sourcecode.swift; path = Interpolator.swift; sourceTree = "<group>"; };
		D40D979629DAB0DE00A82E6A /* Texture.metal */ = {isa = PBXFileReference; fileEncoding = 4; lastKnownFileType = sourcecode.metal; path = Texture.metal; sourceTree = "<group>"; };
		D40D979729DAB0DE00A82E6A /* Drawing.metal */ = {isa = PBXFileReference; fileEncoding = 4; lastKnownFileType = sourcecode.metal; path = Drawing.metal; sourceTree = "<group>"; };
		D40D979829DAB0DE00A82E6A /* Command.swift */ = {isa = PBXFileReference; fileEncoding = 4; lastKnownFileType = sourcecode.swift; path = Command.swift; sourceTree = "<group>"; };
		D40D979929DAB0DE00A82E6A /* Pipeline.swift */ = {isa = PBXFileReference; fileEncoding = 4; lastKnownFileType = sourcecode.swift; path = Pipeline.swift; sourceTree = "<group>"; };
		D40D979B29DAB0DF00A82E6A /* CommandQueue.swift */ = {isa = PBXFileReference; fileEncoding = 4; lastKnownFileType = sourcecode.swift; path = CommandQueue.swift; sourceTree = "<group>"; };
		D40D979C29DAB0DF00A82E6A /* Buffers.swift */ = {isa = PBXFileReference; fileEncoding = 4; lastKnownFileType = sourcecode.swift; path = Buffers.swift; sourceTree = "<group>"; };
		D40D97A529DAB0E800A82E6A /* ActionState.swift */ = {isa = PBXFileReference; fileEncoding = 4; lastKnownFileType = sourcecode.swift; path = ActionState.swift; sourceTree = "<group>"; };
		D41CACE02B9C01F100B8C7C5 /* ContentView.xib */ = {isa = PBXFileReference; fileEncoding = 4; lastKnownFileType = file.xib; path = ContentView.xib; sourceTree = "<group>"; };
		D41CACE12B9C01F100B8C7C5 /* ContentView.swift */ = {isa = PBXFileReference; fileEncoding = 4; lastKnownFileType = sourcecode.swift; path = ContentView.swift; sourceTree = "<group>"; };
		D41CACE42B9C023900B8C7C5 /* UIViewExtensions.swift */ = {isa = PBXFileReference; fileEncoding = 4; lastKnownFileType = sourcecode.swift; path = UIViewExtensions.swift; sourceTree = "<group>"; };
		D422D9C72AF4DD18004E058B /* UndoObject.swift */ = {isa = PBXFileReference; lastKnownFileType = sourcecode.swift; path = UndoObject.swift; sourceTree = "<group>"; };
		D422D9D12AF50AE4004E058B /* FileManagerExtensions.swift */ = {isa = PBXFileReference; lastKnownFileType = sourcecode.swift; path = FileManagerExtensions.swift; sourceTree = "<group>"; };
		D428FDA92BD282B400BFE4C9 /* InputManager.swift */ = {isa = PBXFileReference; lastKnownFileType = sourcecode.swift; path = InputManager.swift; sourceTree = "<group>"; };
		D42F409A2B44030000B32707 /* TwoRowsSliderView.swift */ = {isa = PBXFileReference; lastKnownFileType = sourcecode.swift; path = TwoRowsSliderView.swift; sourceTree = "<group>"; };
		D42F409C2B44033300B32707 /* SliderStyle.swift */ = {isa = PBXFileReference; lastKnownFileType = sourcecode.swift; path = SliderStyle.swift; sourceTree = "<group>"; };
		D42F409E2B44035A00B32707 /* IntSlider.swift */ = {isa = PBXFileReference; lastKnownFileType = sourcecode.swift; path = IntSlider.swift; sourceTree = "<group>"; };
		D42F40A02B45052B00B32707 /* ImageLayerEntity.swift */ = {isa = PBXFileReference; lastKnownFileType = sourcecode.swift; path = ImageLayerEntity.swift; sourceTree = "<group>"; };
		D43906C92ADB7D1A00E22361 /* BlurredDotSize.swift */ = {isa = PBXFileReference; lastKnownFileType = sourcecode.swift; path = BlurredDotSize.swift; sourceTree = "<group>"; };
		D440DF702ADA9E5100A4E425 /* MTKTextureDisplayView.swift */ = {isa = PBXFileReference; lastKnownFileType = sourcecode.swift; path = MTKTextureDisplayView.swift; sourceTree = "<group>"; };
		D440DF722ADA9E7D00A4E425 /* MTLTextureExtensions.swift */ = {isa = PBXFileReference; lastKnownFileType = sourcecode.swift; path = MTLTextureExtensions.swift; sourceTree = "<group>"; };
		D440DF752ADA9EB900A4E425 /* CommandQueueProtocol.swift */ = {isa = PBXFileReference; lastKnownFileType = sourcecode.swift; name = CommandQueueProtocol.swift; path = ../Protocols/CommandQueueProtocol.swift; sourceTree = "<group>"; };
		D44D195F2BE5D1760069D4A9 /* CanvasEntity.swift */ = {isa = PBXFileReference; lastKnownFileType = sourcecode.swift; path = CanvasEntity.swift; sourceTree = "<group>"; };
		D44D19612BE5D1820069D4A9 /* OldCanvasEntity.swift */ = {isa = PBXFileReference; lastKnownFileType = sourcecode.swift; path = OldCanvasEntity.swift; sourceTree = "<group>"; };
		D44D19662BE5D8AB0069D4A9 /* FileInputManager.swift */ = {isa = PBXFileReference; lastKnownFileType = sourcecode.swift; path = FileInputManager.swift; sourceTree = "<group>"; };
		D44D19682BE5DA4D0069D4A9 /* FileOutputManager.swift */ = {isa = PBXFileReference; lastKnownFileType = sourcecode.swift; path = FileOutputManager.swift; sourceTree = "<group>"; };
		D44D196B2BE5DAF50069D4A9 /* LocalRepository.swift */ = {isa = PBXFileReference; lastKnownFileType = sourcecode.swift; path = LocalRepository.swift; sourceTree = "<group>"; };
		D44D19712BE5DBF60069D4A9 /* DocumentsLocalRepository.swift */ = {isa = PBXFileReference; lastKnownFileType = sourcecode.swift; path = DocumentsLocalRepository.swift; sourceTree = "<group>"; };
		D44D19732BE5DFE80069D4A9 /* ToastModel.swift */ = {isa = PBXFileReference; lastKnownFileType = sourcecode.swift; path = ToastModel.swift; sourceTree = "<group>"; };
		D4507C152C3E2C1300CA3974 /* CanvasModel.swift */ = {isa = PBXFileReference; lastKnownFileType = sourcecode.swift; path = CanvasModel.swift; sourceTree = "<group>"; };
		D4513AA12AF5D4AC00CA4438 /* URLExtensions.swift */ = {isa = PBXFileReference; lastKnownFileType = sourcecode.swift; path = URLExtensions.swift; sourceTree = "<group>"; };
		D4513AA72AF5DAA600CA4438 /* CalendarExtensions.swift */ = {isa = PBXFileReference; lastKnownFileType = sourcecode.swift; path = CalendarExtensions.swift; sourceTree = "<group>"; };
		D4513AAD2AF63A2A00CA4438 /* FileView.swift */ = {isa = PBXFileReference; lastKnownFileType = sourcecode.swift; path = FileView.swift; sourceTree = "<group>"; };
		D45156FA2C31343F009C7BFC /* ViewSize.swift */ = {isa = PBXFileReference; lastKnownFileType = sourcecode.swift; path = ViewSize.swift; sourceTree = "<group>"; };
		D4541E832BBACF1A00C96741 /* TouchManager.swift */ = {isa = PBXFileReference; lastKnownFileType = sourcecode.swift; path = TouchManager.swift; sourceTree = "<group>"; };
		D4541E872BBAE43F00C96741 /* ActionManager.swift */ = {isa = PBXFileReference; lastKnownFileType = sourcecode.swift; path = ActionManager.swift; sourceTree = "<group>"; };
		D4541E912BBC160B00C96741 /* DotPoint.swift */ = {isa = PBXFileReference; lastKnownFileType = sourcecode.swift; path = DotPoint.swift; sourceTree = "<group>"; };
		D4541E932BBC167200C96741 /* CGPointExtensions.swift */ = {isa = PBXFileReference; lastKnownFileType = sourcecode.swift; path = CGPointExtensions.swift; sourceTree = "<group>"; };
		D45941572B08B5CF00A18653 /* DrawingTool.swift */ = {isa = PBXFileReference; lastKnownFileType = sourcecode.swift; path = DrawingTool.swift; sourceTree = "<group>"; };
		D459415D2B08EEC000A18653 /* UndoManagerWithCount.swift */ = {isa = PBXFileReference; lastKnownFileType = sourcecode.swift; path = UndoManagerWithCount.swift; sourceTree = "<group>"; };
		D46601B82C392D3D007F1BC9 /* MTKRenderTextureProtocol.swift */ = {isa = PBXFileReference; lastKnownFileType = sourcecode.swift; path = MTKRenderTextureProtocol.swift; sourceTree = "<group>"; };
		D4671FA12BC0E48500ABDA4E /* SmoothLineDrawing.swift */ = {isa = PBXFileReference; lastKnownFileType = sourcecode.swift; path = SmoothLineDrawing.swift; sourceTree = "<group>"; };
		D4671FA32BC15CB700ABDA4E /* TransformingProtocol.swift */ = {isa = PBXFileReference; lastKnownFileType = sourcecode.swift; path = TransformingProtocol.swift; sourceTree = "<group>"; };
		D4671FA52BC161A100ABDA4E /* Drawing.swift */ = {isa = PBXFileReference; lastKnownFileType = sourcecode.swift; path = Drawing.swift; sourceTree = "<group>"; };
		D469A85C2C56206800D10575 /* ScaleManager.swift */ = {isa = PBXFileReference; lastKnownFileType = sourcecode.swift; path = ScaleManager.swift; sourceTree = "<group>"; };
		D469A85E2C5620FB00D10575 /* GrayscaleTexturePoint.swift */ = {isa = PBXFileReference; lastKnownFileType = sourcecode.swift; path = GrayscaleTexturePoint.swift; sourceTree = "<group>"; };
		D469A86C2C56334100D10575 /* GrayscaleTexturePointIterator.swift */ = {isa = PBXFileReference; lastKnownFileType = sourcecode.swift; path = GrayscaleTexturePointIterator.swift; sourceTree = "<group>"; };
		D46A30402BF841270057DB69 /* ImageLayer.swift */ = {isa = PBXFileReference; lastKnownFileType = sourcecode.swift; path = ImageLayer.swift; sourceTree = "<group>"; };
		D46A30422BF842570057DB69 /* LayerManager.swift */ = {isa = PBXFileReference; lastKnownFileType = sourcecode.swift; path = LayerManager.swift; sourceTree = "<group>"; };
		D46B8F6F2BDBDFBC00EF3AC2 /* RoundedRectangleWithArrow.swift */ = {isa = PBXFileReference; lastKnownFileType = sourcecode.swift; path = RoundedRectangleWithArrow.swift; sourceTree = "<group>"; };
		D46B8F712BDCF88200EF3AC2 /* UndoManagerProtocol.swift */ = {isa = PBXFileReference; lastKnownFileType = sourcecode.swift; path = UndoManagerProtocol.swift; sourceTree = "<group>"; };
		D472859F2BBEBC350035AFCD /* LineDrawing.swift */ = {isa = PBXFileReference; lastKnownFileType = sourcecode.swift; path = LineDrawing.swift; sourceTree = "<group>"; };
		D47285A32BBEBD000035AFCD /* LineParameters.swift */ = {isa = PBXFileReference; lastKnownFileType = sourcecode.swift; path = LineParameters.swift; sourceTree = "<group>"; };
		D47285A52BBEBD4C0035AFCD /* LineSegment.swift */ = {isa = PBXFileReference; lastKnownFileType = sourcecode.swift; path = LineSegment.swift; sourceTree = "<group>"; };
		D47285A72BBEBE220035AFCD /* DrawingLineProtocol.swift */ = {isa = PBXFileReference; lastKnownFileType = sourcecode.swift; path = DrawingLineProtocol.swift; sourceTree = "<group>"; };
		D48A7DD029DAB81800D235B1 /* Toast.swift */ = {isa = PBXFileReference; fileEncoding = 4; lastKnownFileType = sourcecode.swift; path = Toast.swift; sourceTree = "<group>"; };
		D48AC41F2BCA963D00608E42 /* LayerUndoManager.swift */ = {isa = PBXFileReference; lastKnownFileType = sourcecode.swift; path = LayerUndoManager.swift; sourceTree = "<group>"; };
		D4934F412ADA36C500C52B76 /* DrawingToolType.swift */ = {isa = PBXFileReference; lastKnownFileType = sourcecode.swift; path = DrawingToolType.swift; sourceTree = "<group>"; };
		D4ACE9A32BA8587A0077C888 /* DialogPresenter.swift */ = {isa = PBXFileReference; lastKnownFileType = sourcecode.swift; path = DialogPresenter.swift; sourceTree = "<group>"; };
		D4ACE9A52BA85C240077C888 /* NewCanvasDialogPresenter.swift */ = {isa = PBXFileReference; lastKnownFileType = sourcecode.swift; path = NewCanvasDialogPresenter.swift; sourceTree = "<group>"; };
		D4B4AA9F2B3FBEA700298CFB /* MTKTextureUtils.swift */ = {isa = PBXFileReference; lastKnownFileType = sourcecode.swift; path = MTKTextureUtils.swift; sourceTree = "<group>"; };
		D4B4AAA12B3FF44100298CFB /* ImageLayerCellItem.swift */ = {isa = PBXFileReference; lastKnownFileType = sourcecode.swift; path = ImageLayerCellItem.swift; sourceTree = "<group>"; };
		D4B65E5E29DD34A000A0542F /* UIImageExtensions.swift */ = {isa = PBXFileReference; lastKnownFileType = sourcecode.swift; path = UIImageExtensions.swift; sourceTree = "<group>"; };
		D4BB3ABB2BB973F100C04A3D /* FingerInputGestureRecognizer.swift */ = {isa = PBXFileReference; lastKnownFileType = sourcecode.swift; path = FingerInputGestureRecognizer.swift; sourceTree = "<group>"; };
		D4BB3ABD2BB973FD00C04A3D /* PencilInputGestureRecognizer.swift */ = {isa = PBXFileReference; lastKnownFileType = sourcecode.swift; path = PencilInputGestureRecognizer.swift; sourceTree = "<group>"; };
		D4BCB3002AF7339200EA650D /* StringExtensions.swift */ = {isa = PBXFileReference; lastKnownFileType = sourcecode.swift; path = StringExtensions.swift; sourceTree = "<group>"; };
		D4BCB3022AF7383B00EA650D /* DataExtensions.swift */ = {isa = PBXFileReference; lastKnownFileType = sourcecode.swift; path = DataExtensions.swift; sourceTree = "<group>"; };
		D4C397192B9C941F0037312F /* DrawingToolModel.swift */ = {isa = PBXFileReference; lastKnownFileType = sourcecode.swift; path = DrawingToolModel.swift; sourceTree = "<group>"; };
		D4C8EE972B25490B005947EC /* DrawingLayer.swift */ = {isa = PBXFileReference; lastKnownFileType = sourcecode.swift; path = DrawingLayer.swift; sourceTree = "<group>"; };
		D4C8EE9D2B255108005947EC /* CanvasViewModel.swift */ = {isa = PBXFileReference; lastKnownFileType = sourcecode.swift; path = CanvasViewModel.swift; sourceTree = "<group>"; };
		D4C9791B2ADBAA3700BB666D /* TransformingPoint.swift */ = {isa = PBXFileReference; lastKnownFileType = sourcecode.swift; path = TransformingPoint.swift; sourceTree = "<group>"; };
		D4C9791D2ADBAA6400BB666D /* Transforming.swift */ = {isa = PBXFileReference; lastKnownFileType = sourcecode.swift; path = Transforming.swift; sourceTree = "<group>"; };
		D4CB0D312B2E8BAA00A4DCC1 /* CanvasViewModelTests.swift */ = {isa = PBXFileReference; lastKnownFileType = sourcecode.swift; path = CanvasViewModelTests.swift; sourceTree = "<group>"; };
		D4CB0D332B2E991A00A4DCC1 /* ActionStateTest.swift */ = {isa = PBXFileReference; lastKnownFileType = sourcecode.swift; path = ActionStateTest.swift; sourceTree = "<group>"; };
		D4CB0D352B2E9A5F00A4DCC1 /* DefaultIteratorTest.swift */ = {isa = PBXFileReference; lastKnownFileType = sourcecode.swift; path = DefaultIteratorTest.swift; sourceTree = "<group>"; };
		D4CB0D372B2E9B2F00A4DCC1 /* DrawingActionStateTest.swift */ = {isa = PBXFileReference; lastKnownFileType = sourcecode.swift; path = DrawingActionStateTest.swift; sourceTree = "<group>"; };
		D4CB0D392B2E9BB500A4DCC1 /* DrawingIteratorTest.swift */ = {isa = PBXFileReference; lastKnownFileType = sourcecode.swift; path = DrawingIteratorTest.swift; sourceTree = "<group>"; };
		D4CB0D3B2B2E9BF900A4DCC1 /* InputManagerTest.swift */ = {isa = PBXFileReference; lastKnownFileType = sourcecode.swift; path = InputManagerTest.swift; sourceTree = "<group>"; };
		D4CB0D3D2B2EB10A00A4DCC1 /* IteratorNonNormalTest.swift */ = {isa = PBXFileReference; lastKnownFileType = sourcecode.swift; path = IteratorNonNormalTest.swift; sourceTree = "<group>"; };
		D4CB0D3F2B2EB14300A4DCC1 /* SmoothPointIteratorTest.swift */ = {isa = PBXFileReference; lastKnownFileType = sourcecode.swift; path = SmoothPointIteratorTest.swift; sourceTree = "<group>"; };
		D4CB0D412B2EB19F00A4DCC1 /* TransformingActionStateTest.swift */ = {isa = PBXFileReference; lastKnownFileType = sourcecode.swift; path = TransformingActionStateTest.swift; sourceTree = "<group>"; };
		D4CBCE442BAA936E0053F198 /* LayerViewPresenter.swift */ = {isa = PBXFileReference; lastKnownFileType = sourcecode.swift; path = LayerViewPresenter.swift; sourceTree = "<group>"; };
		D4CF04FF2B9D4CAF00849A2C /* UIButtonExtensions.swift */ = {isa = PBXFileReference; lastKnownFileType = sourcecode.swift; path = UIButtonExtensions.swift; sourceTree = "<group>"; };
		D4E1ECD92752388C00D4A23D /* HandDrawingSwiftMetal.app */ = {isa = PBXFileReference; explicitFileType = wrapper.application; includeInIndex = 0; path = HandDrawingSwiftMetal.app; sourceTree = BUILT_PRODUCTS_DIR; };
		D4E1ECDC2752388C00D4A23D /* AppDelegate.swift */ = {isa = PBXFileReference; lastKnownFileType = sourcecode.swift; path = AppDelegate.swift; sourceTree = "<group>"; };
		D4E1ECDE2752388C00D4A23D /* SceneDelegate.swift */ = {isa = PBXFileReference; lastKnownFileType = sourcecode.swift; path = SceneDelegate.swift; sourceTree = "<group>"; };
		D4E1ECE02752388C00D4A23D /* ViewController.swift */ = {isa = PBXFileReference; lastKnownFileType = sourcecode.swift; path = ViewController.swift; sourceTree = "<group>"; };
		D4E1ECE32752388C00D4A23D /* Base */ = {isa = PBXFileReference; lastKnownFileType = file.storyboard; name = Base; path = Base.lproj/Main.storyboard; sourceTree = "<group>"; };
		D4E1ECE52752388E00D4A23D /* Assets.xcassets */ = {isa = PBXFileReference; lastKnownFileType = folder.assetcatalog; path = Assets.xcassets; sourceTree = "<group>"; };
		D4E1ECE82752388E00D4A23D /* Base */ = {isa = PBXFileReference; lastKnownFileType = file.storyboard; name = Base; path = Base.lproj/LaunchScreen.storyboard; sourceTree = "<group>"; };
		D4E1ECEA2752388E00D4A23D /* Info.plist */ = {isa = PBXFileReference; lastKnownFileType = text.plist.xml; path = Info.plist; sourceTree = "<group>"; };
		D4E1ECEF2752388E00D4A23D /* HandDrawingSwiftMetalTests.xctest */ = {isa = PBXFileReference; explicitFileType = wrapper.cfbundle; includeInIndex = 0; path = HandDrawingSwiftMetalTests.xctest; sourceTree = BUILT_PRODUCTS_DIR; };
		D4E1ECF32752388E00D4A23D /* HandDrawingSwiftMetalTests.swift */ = {isa = PBXFileReference; lastKnownFileType = sourcecode.swift; path = HandDrawingSwiftMetalTests.swift; sourceTree = "<group>"; };
		D4E1ECF92752388E00D4A23D /* HandDrawingSwiftMetalUITests.xctest */ = {isa = PBXFileReference; explicitFileType = wrapper.cfbundle; includeInIndex = 0; path = HandDrawingSwiftMetalUITests.xctest; sourceTree = BUILT_PRODUCTS_DIR; };
		D4E1ECFD2752388E00D4A23D /* HandDrawingSwiftMetalUITests.swift */ = {isa = PBXFileReference; lastKnownFileType = sourcecode.swift; path = HandDrawingSwiftMetalUITests.swift; sourceTree = "<group>"; };
		D4E1ECFF2752388E00D4A23D /* HandDrawingSwiftMetalUITestsLaunchTests.swift */ = {isa = PBXFileReference; lastKnownFileType = sourcecode.swift; path = HandDrawingSwiftMetalUITestsLaunchTests.swift; sourceTree = "<group>"; };
		D4F1BB3D2B2D436F006EA102 /* ImageLayerManager.swift */ = {isa = PBXFileReference; lastKnownFileType = sourcecode.swift; path = ImageLayerManager.swift; sourceTree = "<group>"; };
/* End PBXFileReference section */

/* Begin PBXFrameworksBuildPhase section */
		D4E1ECD62752388C00D4A23D /* Frameworks */ = {
			isa = PBXFrameworksBuildPhase;
			buildActionMask = 2147483647;
			files = (
				D422D9D02AF50957004E058B /* ZipArchive in Frameworks */,
			);
			runOnlyForDeploymentPostprocessing = 0;
		};
		D4E1ECEC2752388E00D4A23D /* Frameworks */ = {
			isa = PBXFrameworksBuildPhase;
			buildActionMask = 2147483647;
			files = (
			);
			runOnlyForDeploymentPostprocessing = 0;
		};
		D4E1ECF62752388E00D4A23D /* Frameworks */ = {
			isa = PBXFrameworksBuildPhase;
			buildActionMask = 2147483647;
			files = (
			);
			runOnlyForDeploymentPostprocessing = 0;
		};
/* End PBXFrameworksBuildPhase section */

/* Begin PBXGroup section */
		D40D975029DAB00100A82E6A /* Canvas */ = {
			isa = PBXGroup;
			children = (
				D4C8EE9D2B255108005947EC /* CanvasViewModel.swift */,
				D41CACE12B9C01F100B8C7C5 /* ContentView.swift */,
				D41CACE02B9C01F100B8C7C5 /* ContentView.xib */,
				D4AEFE262B09B1E300EE3EEF /* ActionState */,
				D472859E2BBEBC250035AFCD /* Drawing */,
				D4AEFE272B09B26500EE3EEF /* DrawingTool */,
				D44D195E2BE5D1390069D4A9 /* Entities */,
				D40D975529DAB03E00A82E6A /* Extensions */,
				D44D19652BE5D8970069D4A9 /* FileManager */,
				D40D975629DAB04700A82E6A /* Gestures */,
				D4B65E1F29DCFC9C00A0542F /* Layers */,
				D40D975729DAB05400A82E6A /* Math */,
				D40D975829DAB05F00A82E6A /* Metal */,
				D46A304A2BF88E540057DB69 /* Models */,
				D40D975329DAB02000A82E6A /* TouchPoints */,
				D4AEFE282B09B56900EE3EEF /* Transforming */,
				D422D9C42AF4DCEF004E058B /* Undo */,
				D46A30482BF858760057DB69 /* Views */,
			);
			path = Canvas;
			sourceTree = "<group>";
		};
		D40D975329DAB02000A82E6A /* TouchPoints */ = {
			isa = PBXGroup;
			children = (
				D40D975A29DAB09400A82E6A /* TouchPoint.swift */,
				D4541E832BBACF1A00C96741 /* TouchManager.swift */,
				D4541E912BBC160B00C96741 /* DotPoint.swift */,
			);
			path = TouchPoints;
			sourceTree = "<group>";
		};
		D40D975529DAB03E00A82E6A /* Extensions */ = {
			isa = PBXGroup;
			children = (
				D4513AA72AF5DAA600CA4438 /* CalendarExtensions.swift */,
				D40D977029DAB0AD00A82E6A /* CGAffineTransformExtensions.swift */,
				D4541E932BBC167200C96741 /* CGPointExtensions.swift */,
				D4BCB3022AF7383B00EA650D /* DataExtensions.swift */,
				D40D977229DAB0AD00A82E6A /* DictionaryExtensions.swift */,
				D422D9D12AF50AE4004E058B /* FileManagerExtensions.swift */,
				D440DF722ADA9E7D00A4E425 /* MTLTextureExtensions.swift */,
				D40D977129DAB0AD00A82E6A /* UIColorExtensions.swift */,
				D4B65E5E29DD34A000A0542F /* UIImageExtensions.swift */,
				D41CACE42B9C023900B8C7C5 /* UIViewExtensions.swift */,
				D4513AA12AF5D4AC00CA4438 /* URLExtensions.swift */,
				D4BCB3002AF7339200EA650D /* StringExtensions.swift */,
				D40CDF0C2B4137080059527E /* ImageExtensions.swift */,
				D4CF04FF2B9D4CAF00849A2C /* UIButtonExtensions.swift */,
			);
			path = Extensions;
			sourceTree = "<group>";
		};
		D40D975629DAB04700A82E6A /* Gestures */ = {
			isa = PBXGroup;
			children = (
				D4BB3ABB2BB973F100C04A3D /* FingerInputGestureRecognizer.swift */,
				D428FDA92BD282B400BFE4C9 /* InputManager.swift */,
				D4BB3ABD2BB973FD00C04A3D /* PencilInputGestureRecognizer.swift */,
			);
			path = Gestures;
			sourceTree = "<group>";
		};
		D40D975729DAB05400A82E6A /* Math */ = {
			isa = PBXGroup;
			children = (
				D40D979129DAB0D700A82E6A /* Aspect.swift */,
				D40D979029DAB0D700A82E6A /* Calc.swift */,
				D40D975E29DAB09400A82E6A /* Curve.swift */,
				D40D979229DAB0D700A82E6A /* Interpolator.swift */,
				D40D975C29DAB09400A82E6A /* Iterator.swift */,
				D469A85C2C56206800D10575 /* ScaleManager.swift */,
			);
			path = Math;
			sourceTree = "<group>";
		};
		D40D975829DAB05F00A82E6A /* Metal */ = {
			isa = PBXGroup;
			children = (
				D40D979C29DAB0DF00A82E6A /* Buffers.swift */,
				D40D979829DAB0DE00A82E6A /* Command.swift */,
				D40D979B29DAB0DF00A82E6A /* CommandQueue.swift */,
				D440DF752ADA9EB900A4E425 /* CommandQueueProtocol.swift */,
				D40D979729DAB0DE00A82E6A /* Drawing.metal */,
				D40D979929DAB0DE00A82E6A /* Pipeline.swift */,
				D46601B82C392D3D007F1BC9 /* MTKRenderTextureProtocol.swift */,
				D440DF702ADA9E5100A4E425 /* MTKTextureDisplayView.swift */,
				D4B4AA9F2B3FBEA700298CFB /* MTKTextureUtils.swift */,
				D40D979629DAB0DE00A82E6A /* Texture.metal */,
			);
			path = Metal;
			sourceTree = "<group>";
		};
		D422D9C42AF4DCEF004E058B /* Undo */ = {
			isa = PBXGroup;
			children = (
				D48AC41F2BCA963D00608E42 /* LayerUndoManager.swift */,
				D46B8F712BDCF88200EF3AC2 /* UndoManagerProtocol.swift */,
				D459415D2B08EEC000A18653 /* UndoManagerWithCount.swift */,
				D422D9C72AF4DD18004E058B /* UndoObject.swift */,
			);
			path = Undo;
			sourceTree = "<group>";
		};
		D42F40992B4402EC00B32707 /* Components */ = {
			isa = PBXGroup;
			children = (
				D42F409E2B44035A00B32707 /* IntSlider.swift */,
				D42F409C2B44033300B32707 /* SliderStyle.swift */,
				D42F409A2B44030000B32707 /* TwoRowsSliderView.swift */,
				D4ACE9A32BA8587A0077C888 /* DialogPresenter.swift */,
				D4ACE9A52BA85C240077C888 /* NewCanvasDialogPresenter.swift */,
				D4CBCE442BAA936E0053F198 /* LayerViewPresenter.swift */,
			);
			path = Components;
			sourceTree = "<group>";
		};
		D44D195E2BE5D1390069D4A9 /* Entities */ = {
			isa = PBXGroup;
			children = (
				D44D195F2BE5D1760069D4A9 /* CanvasEntity.swift */,
				D42F40A02B45052B00B32707 /* ImageLayerEntity.swift */,
				D44D19612BE5D1820069D4A9 /* OldCanvasEntity.swift */,
			);
			path = Entities;
			sourceTree = "<group>";
		};
		D44D19652BE5D8970069D4A9 /* FileManager */ = {
			isa = PBXGroup;
			children = (
				D44D19662BE5D8AB0069D4A9 /* FileInputManager.swift */,
				D44D19682BE5DA4D0069D4A9 /* FileOutputManager.swift */,
			);
			path = FileManager;
			sourceTree = "<group>";
		};
		D44D196A2BE5DAEB0069D4A9 /* LocalRepository */ = {
			isa = PBXGroup;
			children = (
				D44D19712BE5DBF60069D4A9 /* DocumentsLocalRepository.swift */,
				D44D196B2BE5DAF50069D4A9 /* LocalRepository.swift */,
			);
			path = LocalRepository;
			sourceTree = "<group>";
		};
		D4513AAF2AF63A3C00CA4438 /* FileView */ = {
			isa = PBXGroup;
			children = (
				D4513AAD2AF63A2A00CA4438 /* FileView.swift */,
			);
			path = FileView;
			sourceTree = "<group>";
		};
		D46A30442BF857E30057DB69 /* DrawingLayer */ = {
			isa = PBXGroup;
			children = (
				D40D976829DAB09C00A82E6A /* DrawingBrushLayer.swift */,
				D40D976A29DAB09D00A82E6A /* DrawingEraserLayer.swift */,
				D4C8EE972B25490B005947EC /* DrawingLayer.swift */,
			);
			path = DrawingLayer;
			sourceTree = "<group>";
		};
		D46A30452BF857EC0057DB69 /* ImageLayers */ = {
			isa = PBXGroup;
			children = (
				D4B4AAA12B3FF44100298CFB /* ImageLayerCellItem.swift */,
				D46A30402BF841270057DB69 /* ImageLayer.swift */,
				D4F1BB3D2B2D436F006EA102 /* ImageLayerManager.swift */,
			);
			path = ImageLayers;
			sourceTree = "<group>";
		};
		D46A30482BF858760057DB69 /* Views */ = {
			isa = PBXGroup;
			children = (
				D46A30492BF858AD0057DB69 /* Layers */,
			);
			path = Views;
			sourceTree = "<group>";
		};
		D46A30492BF858AD0057DB69 /* Layers */ = {
			isa = PBXGroup;
			children = (
				D40CDF022B411F660059527E /* ImageLayerListView.swift */,
				D40CDEFE2B411F450059527E /* ImageLayerView.swift */,
			);
			path = Layers;
			sourceTree = "<group>";
		};
		D46A304A2BF88E540057DB69 /* Models */ = {
			isa = PBXGroup;
			children = (
				D4507C152C3E2C1300CA3974 /* CanvasModel.swift */,
				D469A85E2C5620FB00D10575 /* GrayscaleTexturePoint.swift */,
				D46B8F6F2BDBDFBC00EF3AC2 /* RoundedRectangleWithArrow.swift */,
			);
			path = Models;
			sourceTree = "<group>";
		};
		D46D07D92ADBEB160093D861 /* Utils */ = {
			isa = PBXGroup;
			children = (
				D48A7DD029DAB81800D235B1 /* Toast.swift */,
				D44D19732BE5DFE80069D4A9 /* ToastModel.swift */,
				D40CDF0A2B4130A40059527E /* TimeStampFormatter.swift */,
				D45156FA2C31343F009C7BFC /* ViewSize.swift */,
			);
			path = Utils;
			sourceTree = "<group>";
		};
		D472859E2BBEBC250035AFCD /* Drawing */ = {
			isa = PBXGroup;
			children = (
				D4671FA52BC161A100ABDA4E /* Drawing.swift */,
				D47285A72BBEBE220035AFCD /* DrawingLineProtocol.swift */,
				D469A86C2C56334100D10575 /* GrayscaleTexturePointIterator.swift */,
				D472859F2BBEBC350035AFCD /* LineDrawing.swift */,
				D47285A52BBEBD4C0035AFCD /* LineSegment.swift */,
				D47285A32BBEBD000035AFCD /* LineParameters.swift */,
				D4671FA12BC0E48500ABDA4E /* SmoothLineDrawing.swift */,
			);
			path = Drawing;
			sourceTree = "<group>";
		};
		D4AEFE262B09B1E300EE3EEF /* ActionState */ = {
			isa = PBXGroup;
			children = (
				D40D97A529DAB0E800A82E6A /* ActionState.swift */,
				D4541E872BBAE43F00C96741 /* ActionManager.swift */,
			);
			path = ActionState;
			sourceTree = "<group>";
		};
		D4AEFE272B09B26500EE3EEF /* DrawingTool */ = {
			isa = PBXGroup;
			children = (
				D43906C92ADB7D1A00E22361 /* BlurredDotSize.swift */,
				D45941572B08B5CF00A18653 /* DrawingTool.swift */,
				D40D976729DAB09C00A82E6A /* DrawingToolBrush.swift */,
				D40D976629DAB09C00A82E6A /* DrawingToolEraser.swift */,
				D4C397192B9C941F0037312F /* DrawingToolModel.swift */,
				D4934F412ADA36C500C52B76 /* DrawingToolType.swift */,
			);
			path = DrawingTool;
			sourceTree = "<group>";
		};
		D4AEFE282B09B56900EE3EEF /* Transforming */ = {
			isa = PBXGroup;
			children = (
				D4C9791D2ADBAA6400BB666D /* Transforming.swift */,
				D4C9791B2ADBAA3700BB666D /* TransformingPoint.swift */,
				D4671FA32BC15CB700ABDA4E /* TransformingProtocol.swift */,
			);
			path = Transforming;
			sourceTree = "<group>";
		};
		D4B65E1F29DCFC9C00A0542F /* Layers */ = {
			isa = PBXGroup;
			children = (
				D46A30442BF857E30057DB69 /* DrawingLayer */,
				D46A30452BF857EC0057DB69 /* ImageLayers */,
				D46A30422BF842570057DB69 /* LayerManager.swift */,
			);
			path = Layers;
			sourceTree = "<group>";
		};
		D4E1ECD02752388C00D4A23D = {
			isa = PBXGroup;
			children = (
				D4E1ECDB2752388C00D4A23D /* HandDrawingSwiftMetal */,
				D4E1ECF22752388E00D4A23D /* HandDrawingSwiftMetalTests */,
				D4E1ECFC2752388E00D4A23D /* HandDrawingSwiftMetalUITests */,
				D4E1ECDA2752388C00D4A23D /* Products */,
			);
			sourceTree = "<group>";
		};
		D4E1ECDA2752388C00D4A23D /* Products */ = {
			isa = PBXGroup;
			children = (
				D4E1ECD92752388C00D4A23D /* HandDrawingSwiftMetal.app */,
				D4E1ECEF2752388E00D4A23D /* HandDrawingSwiftMetalTests.xctest */,
				D4E1ECF92752388E00D4A23D /* HandDrawingSwiftMetalUITests.xctest */,
			);
			name = Products;
			sourceTree = "<group>";
		};
		D4E1ECDB2752388C00D4A23D /* HandDrawingSwiftMetal */ = {
			isa = PBXGroup;
			children = (
				D4E1ECDC2752388C00D4A23D /* AppDelegate.swift */,
				D4E1ECDE2752388C00D4A23D /* SceneDelegate.swift */,
				D4E1ECE02752388C00D4A23D /* ViewController.swift */,
				D44D196A2BE5DAEB0069D4A9 /* LocalRepository */,
				D40D975029DAB00100A82E6A /* Canvas */,
				D42F40992B4402EC00B32707 /* Components */,
				D4513AAF2AF63A3C00CA4438 /* FileView */,
				D46D07D92ADBEB160093D861 /* Utils */,
				D4E1ECE22752388C00D4A23D /* Main.storyboard */,
				D4E1ECE52752388E00D4A23D /* Assets.xcassets */,
				D40CDF062B4128670059527E /* ColorAssets.xcassets */,
				D4E1ECE72752388E00D4A23D /* LaunchScreen.storyboard */,
				D4E1ECEA2752388E00D4A23D /* Info.plist */,
			);
			path = HandDrawingSwiftMetal;
			sourceTree = "<group>";
		};
		D4E1ECF22752388E00D4A23D /* HandDrawingSwiftMetalTests */ = {
			isa = PBXGroup;
			children = (
				D4CB0D332B2E991A00A4DCC1 /* ActionStateTest.swift */,
				D4CB0D312B2E8BAA00A4DCC1 /* CanvasViewModelTests.swift */,
				D4CB0D352B2E9A5F00A4DCC1 /* DefaultIteratorTest.swift */,
				D4CB0D372B2E9B2F00A4DCC1 /* DrawingActionStateTest.swift */,
				D4CB0D392B2E9BB500A4DCC1 /* DrawingIteratorTest.swift */,
				D4E1ECF32752388E00D4A23D /* HandDrawingSwiftMetalTests.swift */,
				D4CB0D3B2B2E9BF900A4DCC1 /* InputManagerTest.swift */,
				D4CB0D3D2B2EB10A00A4DCC1 /* IteratorNonNormalTest.swift */,
				D4CB0D3F2B2EB14300A4DCC1 /* SmoothPointIteratorTest.swift */,
				D4CB0D412B2EB19F00A4DCC1 /* TransformingActionStateTest.swift */,
			);
			path = HandDrawingSwiftMetalTests;
			sourceTree = "<group>";
		};
		D4E1ECFC2752388E00D4A23D /* HandDrawingSwiftMetalUITests */ = {
			isa = PBXGroup;
			children = (
				D4E1ECFD2752388E00D4A23D /* HandDrawingSwiftMetalUITests.swift */,
				D4E1ECFF2752388E00D4A23D /* HandDrawingSwiftMetalUITestsLaunchTests.swift */,
			);
			path = HandDrawingSwiftMetalUITests;
			sourceTree = "<group>";
		};
/* End PBXGroup section */

/* Begin PBXNativeTarget section */
		D4E1ECD82752388C00D4A23D /* HandDrawingSwiftMetal */ = {
			isa = PBXNativeTarget;
			buildConfigurationList = D4E1ED032752388E00D4A23D /* Build configuration list for PBXNativeTarget "HandDrawingSwiftMetal" */;
			buildPhases = (
				D4E1ECD52752388C00D4A23D /* Sources */,
				D4E1ECD62752388C00D4A23D /* Frameworks */,
				D4E1ECD72752388C00D4A23D /* Resources */,
				D4E1ED0C2752389E00D4A23D /* Swift lint */,
			);
			buildRules = (
			);
			dependencies = (
			);
			name = HandDrawingSwiftMetal;
			packageProductDependencies = (
				D422D9CF2AF50957004E058B /* ZipArchive */,
			);
			productName = HandDrawingSwiftMetal;
			productReference = D4E1ECD92752388C00D4A23D /* HandDrawingSwiftMetal.app */;
			productType = "com.apple.product-type.application";
		};
		D4E1ECEE2752388E00D4A23D /* HandDrawingSwiftMetalTests */ = {
			isa = PBXNativeTarget;
			buildConfigurationList = D4E1ED062752388E00D4A23D /* Build configuration list for PBXNativeTarget "HandDrawingSwiftMetalTests" */;
			buildPhases = (
				D4E1ECEB2752388E00D4A23D /* Sources */,
				D4E1ECEC2752388E00D4A23D /* Frameworks */,
				D4E1ECED2752388E00D4A23D /* Resources */,
			);
			buildRules = (
			);
			dependencies = (
				D4E1ECF12752388E00D4A23D /* PBXTargetDependency */,
			);
			name = HandDrawingSwiftMetalTests;
			productName = HandDrawingSwiftMetalTests;
			productReference = D4E1ECEF2752388E00D4A23D /* HandDrawingSwiftMetalTests.xctest */;
			productType = "com.apple.product-type.bundle.unit-test";
		};
		D4E1ECF82752388E00D4A23D /* HandDrawingSwiftMetalUITests */ = {
			isa = PBXNativeTarget;
			buildConfigurationList = D4E1ED092752388E00D4A23D /* Build configuration list for PBXNativeTarget "HandDrawingSwiftMetalUITests" */;
			buildPhases = (
				D4E1ECF52752388E00D4A23D /* Sources */,
				D4E1ECF62752388E00D4A23D /* Frameworks */,
				D4E1ECF72752388E00D4A23D /* Resources */,
			);
			buildRules = (
			);
			dependencies = (
				D4E1ECFB2752388E00D4A23D /* PBXTargetDependency */,
			);
			name = HandDrawingSwiftMetalUITests;
			productName = HandDrawingSwiftMetalUITests;
			productReference = D4E1ECF92752388E00D4A23D /* HandDrawingSwiftMetalUITests.xctest */;
			productType = "com.apple.product-type.bundle.ui-testing";
		};
/* End PBXNativeTarget section */

/* Begin PBXProject section */
		D4E1ECD12752388C00D4A23D /* Project object */ = {
			isa = PBXProject;
			attributes = {
				BuildIndependentTargetsInParallel = 1;
				LastSwiftUpdateCheck = 1310;
				LastUpgradeCheck = 1310;
				TargetAttributes = {
					D4E1ECD82752388C00D4A23D = {
						CreatedOnToolsVersion = 13.1;
					};
					D4E1ECEE2752388E00D4A23D = {
						CreatedOnToolsVersion = 13.1;
						TestTargetID = D4E1ECD82752388C00D4A23D;
					};
					D4E1ECF82752388E00D4A23D = {
						CreatedOnToolsVersion = 13.1;
						TestTargetID = D4E1ECD82752388C00D4A23D;
					};
				};
			};
			buildConfigurationList = D4E1ECD42752388C00D4A23D /* Build configuration list for PBXProject "HandDrawingSwiftMetal" */;
			compatibilityVersion = "Xcode 13.0";
			developmentRegion = en;
			hasScannedForEncodings = 0;
			knownRegions = (
				en,
				Base,
			);
			mainGroup = D4E1ECD02752388C00D4A23D;
			packageReferences = (
				D422D9CE2AF50957004E058B /* XCRemoteSwiftPackageReference "ZipArchive" */,
			);
			productRefGroup = D4E1ECDA2752388C00D4A23D /* Products */;
			projectDirPath = "";
			projectRoot = "";
			targets = (
				D4E1ECD82752388C00D4A23D /* HandDrawingSwiftMetal */,
				D4E1ECEE2752388E00D4A23D /* HandDrawingSwiftMetalTests */,
				D4E1ECF82752388E00D4A23D /* HandDrawingSwiftMetalUITests */,
			);
		};
/* End PBXProject section */

/* Begin PBXResourcesBuildPhase section */
		D4E1ECD72752388C00D4A23D /* Resources */ = {
			isa = PBXResourcesBuildPhase;
			buildActionMask = 2147483647;
			files = (
				D4E1ECE92752388E00D4A23D /* LaunchScreen.storyboard in Resources */,
				D4E1ECE62752388E00D4A23D /* Assets.xcassets in Resources */,
				D40CDF072B4128670059527E /* ColorAssets.xcassets in Resources */,
				D41CACE22B9C01F200B8C7C5 /* ContentView.xib in Resources */,
				D4E1ECE42752388C00D4A23D /* Main.storyboard in Resources */,
			);
			runOnlyForDeploymentPostprocessing = 0;
		};
		D4E1ECED2752388E00D4A23D /* Resources */ = {
			isa = PBXResourcesBuildPhase;
			buildActionMask = 2147483647;
			files = (
			);
			runOnlyForDeploymentPostprocessing = 0;
		};
		D4E1ECF72752388E00D4A23D /* Resources */ = {
			isa = PBXResourcesBuildPhase;
			buildActionMask = 2147483647;
			files = (
			);
			runOnlyForDeploymentPostprocessing = 0;
		};
/* End PBXResourcesBuildPhase section */

/* Begin PBXShellScriptBuildPhase section */
		D4E1ED0C2752389E00D4A23D /* Swift lint */ = {
			isa = PBXShellScriptBuildPhase;
			alwaysOutOfDate = 1;
			buildActionMask = 2147483647;
			files = (
			);
			inputFileListPaths = (
			);
			inputPaths = (
			);
			name = "Swift lint";
			outputFileListPaths = (
			);
			outputPaths = (
			);
			runOnlyForDeploymentPostprocessing = 0;
			shellPath = /bin/sh;
			shellScript = "if which swiftlint >/dev/null; then\n  swiftlint\nelse\n  echo \"SwiftLint does not exist, download from https://github.com/realm/SwiftLint\"\nfi\n";
		};
/* End PBXShellScriptBuildPhase section */

/* Begin PBXSourcesBuildPhase section */
		D4E1ECD52752388C00D4A23D /* Sources */ = {
			isa = PBXSourcesBuildPhase;
			buildActionMask = 2147483647;
			files = (
				D43906CA2ADB7D1A00E22361 /* BlurredDotSize.swift in Sources */,
				D4B65E5F29DD34A000A0542F /* UIImageExtensions.swift in Sources */,
				D40D977329DAB0AD00A82E6A /* CGAffineTransformExtensions.swift in Sources */,
				D46A30412BF841270057DB69 /* ImageLayer.swift in Sources */,
				D40D979E29DAB0DF00A82E6A /* Drawing.metal in Sources */,
				D44D19692BE5DA4D0069D4A9 /* FileOutputManager.swift in Sources */,
				D40D976F29DAB09D00A82E6A /* DrawingEraserLayer.swift in Sources */,
				D40D976229DAB09400A82E6A /* Iterator.swift in Sources */,
				D4BB3ABC2BB973F100C04A3D /* FingerInputGestureRecognizer.swift in Sources */,
				D4541E842BBACF1A00C96741 /* TouchManager.swift in Sources */,
				D4671FA62BC161A100ABDA4E /* Drawing.swift in Sources */,
				D469A85D2C56206800D10575 /* ScaleManager.swift in Sources */,
				D40CDF0B2B4130A40059527E /* TimeStampFormatter.swift in Sources */,
				D46B8F722BDCF88200EF3AC2 /* UndoManagerProtocol.swift in Sources */,
				D44D196C2BE5DAF50069D4A9 /* LocalRepository.swift in Sources */,
				D47285A42BBEBD000035AFCD /* LineParameters.swift in Sources */,
				D469A85F2C5620FB00D10575 /* GrayscaleTexturePoint.swift in Sources */,
				D422D9D22AF50AE4004E058B /* FileManagerExtensions.swift in Sources */,
				D4541E882BBAE43F00C96741 /* ActionManager.swift in Sources */,
				D40D979F29DAB0DF00A82E6A /* Command.swift in Sources */,
				D45941582B08B5CF00A18653 /* DrawingTool.swift in Sources */,
				D4671FA42BC15CB700ABDA4E /* TransformingProtocol.swift in Sources */,
				D44D19602BE5D1770069D4A9 /* CanvasEntity.swift in Sources */,
				D4507C162C3E2C1300CA3974 /* CanvasModel.swift in Sources */,
				D40CDF0D2B4137080059527E /* ImageExtensions.swift in Sources */,
				D440DF762ADA9EB900A4E425 /* CommandQueueProtocol.swift in Sources */,
				D47285A02BBEBC350035AFCD /* LineDrawing.swift in Sources */,
				D48AC4202BCA963D00608E42 /* LayerUndoManager.swift in Sources */,
				D4513AAE2AF63A2A00CA4438 /* FileView.swift in Sources */,
				D428FDAA2BD282B400BFE4C9 /* InputManager.swift in Sources */,
				D4C3971A2B9C941F0037312F /* DrawingToolModel.swift in Sources */,
				D40D979429DAB0D700A82E6A /* Aspect.swift in Sources */,
				D46B8F702BDBDFBC00EF3AC2 /* RoundedRectangleWithArrow.swift in Sources */,
				D4E1ECE12752388C00D4A23D /* ViewController.swift in Sources */,
				D40D979529DAB0D700A82E6A /* Interpolator.swift in Sources */,
				D40D976429DAB09400A82E6A /* Curve.swift in Sources */,
				D44D19722BE5DBF60069D4A9 /* DocumentsLocalRepository.swift in Sources */,
				D40D97A329DAB0DF00A82E6A /* Buffers.swift in Sources */,
				D40D977429DAB0AD00A82E6A /* UIColorExtensions.swift in Sources */,
				D469A86D2C56334100D10575 /* GrayscaleTexturePointIterator.swift in Sources */,
				D4513AA82AF5DAA600CA4438 /* CalendarExtensions.swift in Sources */,
				D40D97A229DAB0DF00A82E6A /* CommandQueue.swift in Sources */,
				D4BB3ABE2BB973FD00C04A3D /* PencilInputGestureRecognizer.swift in Sources */,
				D42F40A12B45052B00B32707 /* ImageLayerEntity.swift in Sources */,
				D4CBCE452BAA936E0053F198 /* LayerViewPresenter.swift in Sources */,
				D4CF05002B9D4CAF00849A2C /* UIButtonExtensions.swift in Sources */,
				D4C9791E2ADBAA6400BB666D /* Transforming.swift in Sources */,
				D44D19672BE5D8AB0069D4A9 /* FileInputManager.swift in Sources */,
				D40D976C29DAB09D00A82E6A /* DrawingToolBrush.swift in Sources */,
				D40D97A029DAB0DF00A82E6A /* Pipeline.swift in Sources */,
				D4BCB3032AF7383B00EA650D /* DataExtensions.swift in Sources */,
				D44D19622BE5D1820069D4A9 /* OldCanvasEntity.swift in Sources */,
				D42F409B2B44030000B32707 /* TwoRowsSliderView.swift in Sources */,
				D46A30432BF842570057DB69 /* LayerManager.swift in Sources */,
				D4ACE9A42BA8587B0077C888 /* DialogPresenter.swift in Sources */,
				D47285A62BBEBD4C0035AFCD /* LineSegment.swift in Sources */,
				D4513AA22AF5D4AC00CA4438 /* URLExtensions.swift in Sources */,
				D4F1BB3E2B2D436F006EA102 /* ImageLayerManager.swift in Sources */,
				D459415E2B08EEC000A18653 /* UndoManagerWithCount.swift in Sources */,
				D41CACE52B9C023900B8C7C5 /* UIViewExtensions.swift in Sources */,
				D40CDEFF2B411F450059527E /* ImageLayerView.swift in Sources */,
				D4541E922BBC160B00C96741 /* DotPoint.swift in Sources */,
				D440DF732ADA9E7D00A4E425 /* MTLTextureExtensions.swift in Sources */,
				D46601B92C392D3D007F1BC9 /* MTKRenderTextureProtocol.swift in Sources */,
				D48A7DD129DAB81800D235B1 /* Toast.swift in Sources */,
				D40D976B29DAB09D00A82E6A /* DrawingToolEraser.swift in Sources */,
				D40D97A729DAB0E800A82E6A /* ActionState.swift in Sources */,
				D4C8EE9E2B255108005947EC /* CanvasViewModel.swift in Sources */,
				D4B4AAA22B3FF44100298CFB /* ImageLayerCellItem.swift in Sources */,
				D40D977529DAB0AD00A82E6A /* DictionaryExtensions.swift in Sources */,
				D4ACE9A62BA85C240077C888 /* NewCanvasDialogPresenter.swift in Sources */,
				D42F409D2B44033300B32707 /* SliderStyle.swift in Sources */,
				D40D976D29DAB09D00A82E6A /* DrawingBrushLayer.swift in Sources */,
				D40D976029DAB09400A82E6A /* TouchPoint.swift in Sources */,
				D4B4AAA02B3FBEA700298CFB /* MTKTextureUtils.swift in Sources */,
				D40CDF032B411F660059527E /* ImageLayerListView.swift in Sources */,
				D4E1ECDD2752388C00D4A23D /* AppDelegate.swift in Sources */,
				D40D979329DAB0D700A82E6A /* Calc.swift in Sources */,
				D44D19742BE5DFE80069D4A9 /* ToastModel.swift in Sources */,
				D4671FA22BC0E48500ABDA4E /* SmoothLineDrawing.swift in Sources */,
				D422D9C82AF4DD18004E058B /* UndoObject.swift in Sources */,
				D41CACE32B9C01F200B8C7C5 /* ContentView.swift in Sources */,
				D4BCB3012AF7339200EA650D /* StringExtensions.swift in Sources */,
				D4E1ECDF2752388C00D4A23D /* SceneDelegate.swift in Sources */,
				D47285A82BBEBE220035AFCD /* DrawingLineProtocol.swift in Sources */,
				D42F409F2B44035A00B32707 /* IntSlider.swift in Sources */,
				D4C9791C2ADBAA3700BB666D /* TransformingPoint.swift in Sources */,
				D4934F422ADA36C500C52B76 /* DrawingToolType.swift in Sources */,
				D45156FB2C31343F009C7BFC /* ViewSize.swift in Sources */,
				D4C8EE982B25490B005947EC /* DrawingLayer.swift in Sources */,
				D40D979D29DAB0DF00A82E6A /* Texture.metal in Sources */,
				D4541E942BBC167200C96741 /* CGPointExtensions.swift in Sources */,
				D440DF712ADA9E5100A4E425 /* MTKTextureDisplayView.swift in Sources */,
			);
			runOnlyForDeploymentPostprocessing = 0;
		};
		D4E1ECEB2752388E00D4A23D /* Sources */ = {
			isa = PBXSourcesBuildPhase;
			buildActionMask = 2147483647;
			files = (
				D4CB0D382B2E9B2F00A4DCC1 /* DrawingActionStateTest.swift in Sources */,
				D4CB0D402B2EB14300A4DCC1 /* SmoothPointIteratorTest.swift in Sources */,
				D4CB0D322B2E8BAA00A4DCC1 /* CanvasViewModelTests.swift in Sources */,
				D4CB0D3C2B2E9BF900A4DCC1 /* InputManagerTest.swift in Sources */,
				D4CB0D342B2E991A00A4DCC1 /* ActionStateTest.swift in Sources */,
				D4CB0D422B2EB19F00A4DCC1 /* TransformingActionStateTest.swift in Sources */,
				D4CB0D3E2B2EB10A00A4DCC1 /* IteratorNonNormalTest.swift in Sources */,
				D4E1ECF42752388E00D4A23D /* HandDrawingSwiftMetalTests.swift in Sources */,
				D4CB0D3A2B2E9BB500A4DCC1 /* DrawingIteratorTest.swift in Sources */,
				D4CB0D362B2E9A5F00A4DCC1 /* DefaultIteratorTest.swift in Sources */,
			);
			runOnlyForDeploymentPostprocessing = 0;
		};
		D4E1ECF52752388E00D4A23D /* Sources */ = {
			isa = PBXSourcesBuildPhase;
			buildActionMask = 2147483647;
			files = (
				D4E1ED002752388E00D4A23D /* HandDrawingSwiftMetalUITestsLaunchTests.swift in Sources */,
				D4E1ECFE2752388E00D4A23D /* HandDrawingSwiftMetalUITests.swift in Sources */,
			);
			runOnlyForDeploymentPostprocessing = 0;
		};
/* End PBXSourcesBuildPhase section */

/* Begin PBXTargetDependency section */
		D4E1ECF12752388E00D4A23D /* PBXTargetDependency */ = {
			isa = PBXTargetDependency;
			target = D4E1ECD82752388C00D4A23D /* HandDrawingSwiftMetal */;
			targetProxy = D4E1ECF02752388E00D4A23D /* PBXContainerItemProxy */;
		};
		D4E1ECFB2752388E00D4A23D /* PBXTargetDependency */ = {
			isa = PBXTargetDependency;
			target = D4E1ECD82752388C00D4A23D /* HandDrawingSwiftMetal */;
			targetProxy = D4E1ECFA2752388E00D4A23D /* PBXContainerItemProxy */;
		};
/* End PBXTargetDependency section */

/* Begin PBXVariantGroup section */
		D4E1ECE22752388C00D4A23D /* Main.storyboard */ = {
			isa = PBXVariantGroup;
			children = (
				D4E1ECE32752388C00D4A23D /* Base */,
			);
			name = Main.storyboard;
			sourceTree = "<group>";
		};
		D4E1ECE72752388E00D4A23D /* LaunchScreen.storyboard */ = {
			isa = PBXVariantGroup;
			children = (
				D4E1ECE82752388E00D4A23D /* Base */,
			);
			name = LaunchScreen.storyboard;
			sourceTree = "<group>";
		};
/* End PBXVariantGroup section */

/* Begin XCBuildConfiguration section */
		D4E1ED012752388E00D4A23D /* Debug */ = {
			isa = XCBuildConfiguration;
			buildSettings = {
				ALWAYS_SEARCH_USER_PATHS = NO;
				CLANG_ANALYZER_NONNULL = YES;
				CLANG_ANALYZER_NUMBER_OBJECT_CONVERSION = YES_AGGRESSIVE;
				CLANG_CXX_LANGUAGE_STANDARD = "gnu++17";
				CLANG_CXX_LIBRARY = "libc++";
				CLANG_ENABLE_MODULES = YES;
				CLANG_ENABLE_OBJC_ARC = YES;
				CLANG_ENABLE_OBJC_WEAK = YES;
				CLANG_WARN_BLOCK_CAPTURE_AUTORELEASING = YES;
				CLANG_WARN_BOOL_CONVERSION = YES;
				CLANG_WARN_COMMA = YES;
				CLANG_WARN_CONSTANT_CONVERSION = YES;
				CLANG_WARN_DEPRECATED_OBJC_IMPLEMENTATIONS = YES;
				CLANG_WARN_DIRECT_OBJC_ISA_USAGE = YES_ERROR;
				CLANG_WARN_DOCUMENTATION_COMMENTS = YES;
				CLANG_WARN_EMPTY_BODY = YES;
				CLANG_WARN_ENUM_CONVERSION = YES;
				CLANG_WARN_INFINITE_RECURSION = YES;
				CLANG_WARN_INT_CONVERSION = YES;
				CLANG_WARN_NON_LITERAL_NULL_CONVERSION = YES;
				CLANG_WARN_OBJC_IMPLICIT_RETAIN_SELF = YES;
				CLANG_WARN_OBJC_LITERAL_CONVERSION = YES;
				CLANG_WARN_OBJC_ROOT_CLASS = YES_ERROR;
				CLANG_WARN_QUOTED_INCLUDE_IN_FRAMEWORK_HEADER = YES;
				CLANG_WARN_RANGE_LOOP_ANALYSIS = YES;
				CLANG_WARN_STRICT_PROTOTYPES = YES;
				CLANG_WARN_SUSPICIOUS_MOVE = YES;
				CLANG_WARN_UNGUARDED_AVAILABILITY = YES_AGGRESSIVE;
				CLANG_WARN_UNREACHABLE_CODE = YES;
				CLANG_WARN__DUPLICATE_METHOD_MATCH = YES;
				COPY_PHASE_STRIP = NO;
				DEBUG_INFORMATION_FORMAT = dwarf;
				ENABLE_STRICT_OBJC_MSGSEND = YES;
				ENABLE_TESTABILITY = YES;
				GCC_C_LANGUAGE_STANDARD = gnu11;
				GCC_DYNAMIC_NO_PIC = NO;
				GCC_NO_COMMON_BLOCKS = YES;
				GCC_OPTIMIZATION_LEVEL = 0;
				GCC_PREPROCESSOR_DEFINITIONS = (
					"DEBUG=1",
					"$(inherited)",
				);
				GCC_WARN_64_TO_32_BIT_CONVERSION = YES;
				GCC_WARN_ABOUT_RETURN_TYPE = YES_ERROR;
				GCC_WARN_UNDECLARED_SELECTOR = YES;
				GCC_WARN_UNINITIALIZED_AUTOS = YES_AGGRESSIVE;
				GCC_WARN_UNUSED_FUNCTION = YES;
				GCC_WARN_UNUSED_VARIABLE = YES;
				IPHONEOS_DEPLOYMENT_TARGET = 15.0;
				MTL_ENABLE_DEBUG_INFO = INCLUDE_SOURCE;
				MTL_FAST_MATH = YES;
				ONLY_ACTIVE_ARCH = YES;
				SDKROOT = iphoneos;
				SWIFT_ACTIVE_COMPILATION_CONDITIONS = DEBUG;
				SWIFT_OPTIMIZATION_LEVEL = "-Onone";
			};
			name = Debug;
		};
		D4E1ED022752388E00D4A23D /* Release */ = {
			isa = XCBuildConfiguration;
			buildSettings = {
				ALWAYS_SEARCH_USER_PATHS = NO;
				CLANG_ANALYZER_NONNULL = YES;
				CLANG_ANALYZER_NUMBER_OBJECT_CONVERSION = YES_AGGRESSIVE;
				CLANG_CXX_LANGUAGE_STANDARD = "gnu++17";
				CLANG_CXX_LIBRARY = "libc++";
				CLANG_ENABLE_MODULES = YES;
				CLANG_ENABLE_OBJC_ARC = YES;
				CLANG_ENABLE_OBJC_WEAK = YES;
				CLANG_WARN_BLOCK_CAPTURE_AUTORELEASING = YES;
				CLANG_WARN_BOOL_CONVERSION = YES;
				CLANG_WARN_COMMA = YES;
				CLANG_WARN_CONSTANT_CONVERSION = YES;
				CLANG_WARN_DEPRECATED_OBJC_IMPLEMENTATIONS = YES;
				CLANG_WARN_DIRECT_OBJC_ISA_USAGE = YES_ERROR;
				CLANG_WARN_DOCUMENTATION_COMMENTS = YES;
				CLANG_WARN_EMPTY_BODY = YES;
				CLANG_WARN_ENUM_CONVERSION = YES;
				CLANG_WARN_INFINITE_RECURSION = YES;
				CLANG_WARN_INT_CONVERSION = YES;
				CLANG_WARN_NON_LITERAL_NULL_CONVERSION = YES;
				CLANG_WARN_OBJC_IMPLICIT_RETAIN_SELF = YES;
				CLANG_WARN_OBJC_LITERAL_CONVERSION = YES;
				CLANG_WARN_OBJC_ROOT_CLASS = YES_ERROR;
				CLANG_WARN_QUOTED_INCLUDE_IN_FRAMEWORK_HEADER = YES;
				CLANG_WARN_RANGE_LOOP_ANALYSIS = YES;
				CLANG_WARN_STRICT_PROTOTYPES = YES;
				CLANG_WARN_SUSPICIOUS_MOVE = YES;
				CLANG_WARN_UNGUARDED_AVAILABILITY = YES_AGGRESSIVE;
				CLANG_WARN_UNREACHABLE_CODE = YES;
				CLANG_WARN__DUPLICATE_METHOD_MATCH = YES;
				COPY_PHASE_STRIP = NO;
				DEBUG_INFORMATION_FORMAT = "dwarf-with-dsym";
				ENABLE_NS_ASSERTIONS = NO;
				ENABLE_STRICT_OBJC_MSGSEND = YES;
				GCC_C_LANGUAGE_STANDARD = gnu11;
				GCC_NO_COMMON_BLOCKS = YES;
				GCC_WARN_64_TO_32_BIT_CONVERSION = YES;
				GCC_WARN_ABOUT_RETURN_TYPE = YES_ERROR;
				GCC_WARN_UNDECLARED_SELECTOR = YES;
				GCC_WARN_UNINITIALIZED_AUTOS = YES_AGGRESSIVE;
				GCC_WARN_UNUSED_FUNCTION = YES;
				GCC_WARN_UNUSED_VARIABLE = YES;
				IPHONEOS_DEPLOYMENT_TARGET = 15.0;
				MTL_ENABLE_DEBUG_INFO = NO;
				MTL_FAST_MATH = YES;
				SDKROOT = iphoneos;
				SWIFT_COMPILATION_MODE = wholemodule;
				SWIFT_OPTIMIZATION_LEVEL = "-O";
				VALIDATE_PRODUCT = YES;
			};
			name = Release;
		};
		D4E1ED042752388E00D4A23D /* Debug */ = {
			isa = XCBuildConfiguration;
			buildSettings = {
				ASSETCATALOG_COMPILER_APPICON_NAME = AppIcon;
				ASSETCATALOG_COMPILER_GLOBAL_ACCENT_COLOR_NAME = AccentColor;
				CODE_SIGN_IDENTITY = "Apple Development";
				CODE_SIGN_STYLE = Manual;
				CURRENT_PROJECT_VERSION = 1;
				DEVELOPMENT_TEAM = "";
				GENERATE_INFOPLIST_FILE = YES;
				INFOPLIST_FILE = HandDrawingSwiftMetal/Info.plist;
				INFOPLIST_KEY_NSPhotoLibraryAddUsageDescription = "Photo saving.";
				INFOPLIST_KEY_UIApplicationSupportsIndirectInputEvents = YES;
				INFOPLIST_KEY_UILaunchStoryboardName = LaunchScreen;
				INFOPLIST_KEY_UIMainStoryboardFile = Main;
				INFOPLIST_KEY_UISupportedInterfaceOrientations_iPad = "UIInterfaceOrientationPortrait UIInterfaceOrientationPortraitUpsideDown UIInterfaceOrientationLandscapeLeft UIInterfaceOrientationLandscapeRight";
				INFOPLIST_KEY_UISupportedInterfaceOrientations_iPhone = "UIInterfaceOrientationPortrait UIInterfaceOrientationLandscapeLeft UIInterfaceOrientationLandscapeRight";
				IPHONEOS_DEPLOYMENT_TARGET = 15.0;
				LD_RUNPATH_SEARCH_PATHS = (
					"$(inherited)",
					"@executable_path/Frameworks",
				);
				MARKETING_VERSION = 1.0;
				PRODUCT_BUNDLE_IDENTIFIER = com.HandDrawingSwiftMetal;
				PRODUCT_NAME = "$(TARGET_NAME)";
				PROVISIONING_PROFILE_SPECIFIER = "";
				SWIFT_EMIT_LOC_STRINGS = YES;
				SWIFT_VERSION = 5.0;
				TARGETED_DEVICE_FAMILY = "1,2";
			};
			name = Debug;
		};
		D4E1ED052752388E00D4A23D /* Release */ = {
			isa = XCBuildConfiguration;
			buildSettings = {
				ASSETCATALOG_COMPILER_APPICON_NAME = AppIcon;
				ASSETCATALOG_COMPILER_GLOBAL_ACCENT_COLOR_NAME = AccentColor;
				CODE_SIGN_IDENTITY = "Apple Development";
				CODE_SIGN_STYLE = Manual;
				CURRENT_PROJECT_VERSION = 1;
				DEVELOPMENT_TEAM = "";
				GENERATE_INFOPLIST_FILE = YES;
				INFOPLIST_FILE = HandDrawingSwiftMetal/Info.plist;
				INFOPLIST_KEY_NSPhotoLibraryAddUsageDescription = "Photo saving.";
				INFOPLIST_KEY_UIApplicationSupportsIndirectInputEvents = YES;
				INFOPLIST_KEY_UILaunchStoryboardName = LaunchScreen;
				INFOPLIST_KEY_UIMainStoryboardFile = Main;
				INFOPLIST_KEY_UISupportedInterfaceOrientations_iPad = "UIInterfaceOrientationPortrait UIInterfaceOrientationPortraitUpsideDown UIInterfaceOrientationLandscapeLeft UIInterfaceOrientationLandscapeRight";
				INFOPLIST_KEY_UISupportedInterfaceOrientations_iPhone = "UIInterfaceOrientationPortrait UIInterfaceOrientationLandscapeLeft UIInterfaceOrientationLandscapeRight";
				IPHONEOS_DEPLOYMENT_TARGET = 15.0;
				LD_RUNPATH_SEARCH_PATHS = (
					"$(inherited)",
					"@executable_path/Frameworks",
				);
				MARKETING_VERSION = 1.0;
				PRODUCT_BUNDLE_IDENTIFIER = com.HandDrawingSwiftMetal;
				PRODUCT_NAME = "$(TARGET_NAME)";
				PROVISIONING_PROFILE_SPECIFIER = "";
				SWIFT_EMIT_LOC_STRINGS = YES;
				SWIFT_VERSION = 5.0;
				TARGETED_DEVICE_FAMILY = "1,2";
			};
			name = Release;
		};
		D4E1ED072752388E00D4A23D /* Debug */ = {
			isa = XCBuildConfiguration;
			buildSettings = {
				ALWAYS_EMBED_SWIFT_STANDARD_LIBRARIES = YES;
				BUNDLE_LOADER = "$(TEST_HOST)";
				CODE_SIGN_STYLE = Automatic;
				CURRENT_PROJECT_VERSION = 1;
				DEVELOPMENT_TEAM = 59LR79WH8J;
				GENERATE_INFOPLIST_FILE = YES;
				IPHONEOS_DEPLOYMENT_TARGET = 15.0;
				LD_RUNPATH_SEARCH_PATHS = (
					"$(inherited)",
					"@executable_path/Frameworks",
					"@loader_path/Frameworks",
				);
				MARKETING_VERSION = 1.0;
				PRODUCT_BUNDLE_IDENTIFIER = com.eisukekusachi.HandDrawingSwiftMetalTests;
				PRODUCT_NAME = "$(TARGET_NAME)";
				SWIFT_EMIT_LOC_STRINGS = NO;
				SWIFT_VERSION = 5.0;
				TARGETED_DEVICE_FAMILY = "1,2";
				TEST_HOST = "$(BUILT_PRODUCTS_DIR)/HandDrawingSwiftMetal.app/HandDrawingSwiftMetal";
			};
			name = Debug;
		};
		D4E1ED082752388E00D4A23D /* Release */ = {
			isa = XCBuildConfiguration;
			buildSettings = {
				ALWAYS_EMBED_SWIFT_STANDARD_LIBRARIES = YES;
				BUNDLE_LOADER = "$(TEST_HOST)";
				CODE_SIGN_STYLE = Automatic;
				CURRENT_PROJECT_VERSION = 1;
				DEVELOPMENT_TEAM = 59LR79WH8J;
				GENERATE_INFOPLIST_FILE = YES;
				IPHONEOS_DEPLOYMENT_TARGET = 15.0;
				LD_RUNPATH_SEARCH_PATHS = (
					"$(inherited)",
					"@executable_path/Frameworks",
					"@loader_path/Frameworks",
				);
				MARKETING_VERSION = 1.0;
				PRODUCT_BUNDLE_IDENTIFIER = com.eisukekusachi.HandDrawingSwiftMetalTests;
				PRODUCT_NAME = "$(TARGET_NAME)";
				SWIFT_EMIT_LOC_STRINGS = NO;
				SWIFT_VERSION = 5.0;
				TARGETED_DEVICE_FAMILY = "1,2";
				TEST_HOST = "$(BUILT_PRODUCTS_DIR)/HandDrawingSwiftMetal.app/HandDrawingSwiftMetal";
			};
			name = Release;
		};
		D4E1ED0A2752388E00D4A23D /* Debug */ = {
			isa = XCBuildConfiguration;
			buildSettings = {
				ALWAYS_EMBED_SWIFT_STANDARD_LIBRARIES = YES;
				CODE_SIGN_STYLE = Automatic;
				CURRENT_PROJECT_VERSION = 1;
				DEVELOPMENT_TEAM = 59LR79WH8J;
				GENERATE_INFOPLIST_FILE = YES;
				LD_RUNPATH_SEARCH_PATHS = (
					"$(inherited)",
					"@executable_path/Frameworks",
					"@loader_path/Frameworks",
				);
				MARKETING_VERSION = 1.0;
				PRODUCT_BUNDLE_IDENTIFIER = com.eisukekusachi.HandDrawingSwiftMetalUITests;
				PRODUCT_NAME = "$(TARGET_NAME)";
				SWIFT_EMIT_LOC_STRINGS = NO;
				SWIFT_VERSION = 5.0;
				TARGETED_DEVICE_FAMILY = "1,2";
				TEST_TARGET_NAME = HandDrawingSwiftMetal;
			};
			name = Debug;
		};
		D4E1ED0B2752388E00D4A23D /* Release */ = {
			isa = XCBuildConfiguration;
			buildSettings = {
				ALWAYS_EMBED_SWIFT_STANDARD_LIBRARIES = YES;
				CODE_SIGN_STYLE = Automatic;
				CURRENT_PROJECT_VERSION = 1;
				DEVELOPMENT_TEAM = 59LR79WH8J;
				GENERATE_INFOPLIST_FILE = YES;
				LD_RUNPATH_SEARCH_PATHS = (
					"$(inherited)",
					"@executable_path/Frameworks",
					"@loader_path/Frameworks",
				);
				MARKETING_VERSION = 1.0;
				PRODUCT_BUNDLE_IDENTIFIER = com.eisukekusachi.HandDrawingSwiftMetalUITests;
				PRODUCT_NAME = "$(TARGET_NAME)";
				SWIFT_EMIT_LOC_STRINGS = NO;
				SWIFT_VERSION = 5.0;
				TARGETED_DEVICE_FAMILY = "1,2";
				TEST_TARGET_NAME = HandDrawingSwiftMetal;
			};
			name = Release;
		};
/* End XCBuildConfiguration section */

/* Begin XCConfigurationList section */
		D4E1ECD42752388C00D4A23D /* Build configuration list for PBXProject "HandDrawingSwiftMetal" */ = {
			isa = XCConfigurationList;
			buildConfigurations = (
				D4E1ED012752388E00D4A23D /* Debug */,
				D4E1ED022752388E00D4A23D /* Release */,
			);
			defaultConfigurationIsVisible = 0;
			defaultConfigurationName = Release;
		};
		D4E1ED032752388E00D4A23D /* Build configuration list for PBXNativeTarget "HandDrawingSwiftMetal" */ = {
			isa = XCConfigurationList;
			buildConfigurations = (
				D4E1ED042752388E00D4A23D /* Debug */,
				D4E1ED052752388E00D4A23D /* Release */,
			);
			defaultConfigurationIsVisible = 0;
			defaultConfigurationName = Release;
		};
		D4E1ED062752388E00D4A23D /* Build configuration list for PBXNativeTarget "HandDrawingSwiftMetalTests" */ = {
			isa = XCConfigurationList;
			buildConfigurations = (
				D4E1ED072752388E00D4A23D /* Debug */,
				D4E1ED082752388E00D4A23D /* Release */,
			);
			defaultConfigurationIsVisible = 0;
			defaultConfigurationName = Release;
		};
		D4E1ED092752388E00D4A23D /* Build configuration list for PBXNativeTarget "HandDrawingSwiftMetalUITests" */ = {
			isa = XCConfigurationList;
			buildConfigurations = (
				D4E1ED0A2752388E00D4A23D /* Debug */,
				D4E1ED0B2752388E00D4A23D /* Release */,
			);
			defaultConfigurationIsVisible = 0;
			defaultConfigurationName = Release;
		};
/* End XCConfigurationList section */

/* Begin XCRemoteSwiftPackageReference section */
		D422D9CE2AF50957004E058B /* XCRemoteSwiftPackageReference "ZipArchive" */ = {
			isa = XCRemoteSwiftPackageReference;
			repositoryURL = "https://github.com/ZipArchive/ZipArchive";
			requirement = {
				kind = upToNextMajorVersion;
				minimumVersion = 2.5.5;
			};
		};
/* End XCRemoteSwiftPackageReference section */

/* Begin XCSwiftPackageProductDependency section */
		D422D9CF2AF50957004E058B /* ZipArchive */ = {
			isa = XCSwiftPackageProductDependency;
			package = D422D9CE2AF50957004E058B /* XCRemoteSwiftPackageReference "ZipArchive" */;
			productName = ZipArchive;
		};
/* End XCSwiftPackageProductDependency section */
	};
	rootObject = D4E1ECD12752388C00D4A23D /* Project object */;
}
